{
  "version": 4,
  "terraform_version": "1.10.4",
  "serial": 107,
  "lineage": "87dd360b-624b-0fee-e277-79f999ad86f8",
  "outputs": {
    "bigip_nic_ids": {
      "value": [
        {
          "external_private": [],
          "internal_private": [],
          "mgmt_private": [
            "eni-01e72f894b7e2cb30"
          ],
          "public_private": []
        },
        {
          "external_private": [],
          "internal_private": [],
          "mgmt_private": [
            "eni-0e314849daa5edc6e"
          ],
          "public_private": []
        },
        {
          "external_private": [],
          "internal_private": [],
          "mgmt_private": [
            "eni-0f04792deeec85b52"
          ],
          "public_private": []
        }
      ],
      "type": [
        "tuple",
        [
          [
            "object",
            {
              "external_private": [
                "tuple",
                []
              ],
              "internal_private": [
                "tuple",
                []
              ],
              "mgmt_private": [
                "list",
                "string"
              ],
              "public_private": [
                "tuple",
                []
              ]
            }
          ],
          [
            "object",
            {
              "external_private": [
                "tuple",
                []
              ],
              "internal_private": [
                "tuple",
                []
              ],
              "mgmt_private": [
                "list",
                "string"
              ],
              "public_private": [
                "tuple",
                []
              ]
            }
          ],
          [
            "object",
            {
              "external_private": [
                "tuple",
                []
              ],
              "internal_private": [
                "tuple",
                []
              ],
              "mgmt_private": [
                "list",
                "string"
              ],
              "public_private": [
                "tuple",
                []
              ]
            }
          ]
        ]
      ]
    },
    "bigip_password": {
      "value": [
        "x7XCS7Ws54xEgurS",
        "x7XCS7Ws54xEgurS",
        "x7XCS7Ws54xEgurS"
      ],
      "type": [
        "tuple",
        [
          "string",
          "string",
          "string"
        ]
      ]
    },
    "f5_username": {
      "value": [
        "bigipuser",
        "bigipuser",
        "bigipuser"
      ],
      "type": [
        "tuple",
        [
          "string",
          "string",
          "string"
        ]
      ]
    },
    "mgmtPort": {
      "value": [
        "8443",
        "8443",
        "8443"
      ],
      "type": [
        "tuple",
        [
          "string",
          "string",
          "string"
        ]
      ]
    },
    "mgmtPublicDNS": {
      "value": [
        "ec2-44-233-237-217.us-west-2.compute.amazonaws.com",
        "ec2-54-245-93-168.us-west-2.compute.amazonaws.com",
        "ec2-54-184-157-13.us-west-2.compute.amazonaws.com"
      ],
      "type": [
        "tuple",
        [
          "string",
          "string",
          "string"
        ]
      ]
    },
    "mgmtPublicIP": {
      "value": [
        "44.233.237.217",
        "54.245.93.168",
        "54.184.157.13"
      ],
      "type": [
        "tuple",
        [
          "string",
          "string",
          "string"
        ]
      ]
    },
    "mgmtPublicURL": {
      "value": [
        "https://ec2-44-233-237-217.us-west-2.compute.amazonaws.com:8443",
        "https://ec2-54-245-93-168.us-west-2.compute.amazonaws.com:8443",
        "https://ec2-54-184-157-13.us-west-2.compute.amazonaws.com:8443"
      ],
      "type": [
        "list",
        "string"
      ]
    },
    "private_addresses": {
      "value": [
        {
          "external_private": {
            "private_ip": [],
            "private_ips": []
          },
          "internal_private": {
            "private_ip": [],
            "private_ips": []
          },
          "mgmt_private": {
            "private_ip": [
              "10.0.1.7"
            ],
            "private_ips": [
              [
                "10.0.1.7"
              ]
            ]
          },
          "public_private": {
            "private_ip": [],
            "private_ips": []
          }
        },
        {
          "external_private": {
            "private_ip": [],
            "private_ips": []
          },
          "internal_private": {
            "private_ip": [],
            "private_ips": []
          },
          "mgmt_private": {
            "private_ip": [
              "10.0.1.237"
            ],
            "private_ips": [
              [
                "10.0.1.237"
              ]
            ]
          },
          "public_private": {
            "private_ip": [],
            "private_ips": []
          }
        },
        {
          "external_private": {
            "private_ip": [],
            "private_ips": []
          },
          "internal_private": {
            "private_ip": [],
            "private_ips": []
          },
          "mgmt_private": {
            "private_ip": [
              "10.0.1.116"
            ],
            "private_ips": [
              [
                "10.0.1.116"
              ]
            ]
          },
          "public_private": {
            "private_ip": [],
            "private_ips": []
          }
        }
      ],
      "type": [
        "tuple",
        [
          [
            "object",
            {
              "external_private": [
                "object",
                {
                  "private_ip": [
                    "tuple",
                    []
                  ],
                  "private_ips": [
                    "tuple",
                    []
                  ]
                }
              ],
              "internal_private": [
                "object",
                {
                  "private_ip": [
                    "tuple",
                    []
                  ],
                  "private_ips": [
                    "tuple",
                    []
                  ]
                }
              ],
              "mgmt_private": [
                "object",
                {
                  "private_ip": [
                    "list",
                    "string"
                  ],
                  "private_ips": [
                    "list",
                    [
                      "list",
                      "string"
                    ]
                  ]
                }
              ],
              "public_private": [
                "object",
                {
                  "private_ip": [
                    "tuple",
                    []
                  ],
                  "private_ips": [
                    "tuple",
                    []
                  ]
                }
              ]
            }
          ],
          [
            "object",
            {
              "external_private": [
                "object",
                {
                  "private_ip": [
                    "tuple",
                    []
                  ],
                  "private_ips": [
                    "tuple",
                    []
                  ]
                }
              ],
              "internal_private": [
                "object",
                {
                  "private_ip": [
                    "tuple",
                    []
                  ],
                  "private_ips": [
                    "tuple",
                    []
                  ]
                }
              ],
              "mgmt_private": [
                "object",
                {
                  "private_ip": [
                    "list",
                    "string"
                  ],
                  "private_ips": [
                    "list",
                    [
                      "list",
                      "string"
                    ]
                  ]
                }
              ],
              "public_private": [
                "object",
                {
                  "private_ip": [
                    "tuple",
                    []
                  ],
                  "private_ips": [
                    "tuple",
                    []
                  ]
                }
              ]
            }
          ],
          [
            "object",
            {
              "external_private": [
                "object",
                {
                  "private_ip": [
                    "tuple",
                    []
                  ],
                  "private_ips": [
                    "tuple",
                    []
                  ]
                }
              ],
              "internal_private": [
                "object",
                {
                  "private_ip": [
                    "tuple",
                    []
                  ],
                  "private_ips": [
                    "tuple",
                    []
                  ]
                }
              ],
              "mgmt_private": [
                "object",
                {
                  "private_ip": [
                    "list",
                    "string"
                  ],
                  "private_ips": [
                    "list",
                    [
                      "list",
                      "string"
                    ]
                  ]
                }
              ],
              "public_private": [
                "object",
                {
                  "private_ip": [
                    "tuple",
                    []
                  ],
                  "private_ips": [
                    "tuple",
                    []
                  ]
                }
              ]
            }
          ]
        ]
      ]
    },
    "public_addresses": {
      "value": [
        {
          "external_primary_public": [],
          "external_secondary_public": []
        },
        {
          "external_primary_public": [],
          "external_secondary_public": []
        },
        {
          "external_primary_public": [],
          "external_secondary_public": []
        }
      ],
      "type": [
        "tuple",
        [
          [
            "object",
            {
              "external_primary_public": [
                "tuple",
                []
              ],
              "external_secondary_public": [
                "tuple",
                []
              ]
            }
          ],
          [
            "object",
            {
              "external_primary_public": [
                "tuple",
                []
              ],
              "external_secondary_public": [
                "tuple",
                []
              ]
            }
          ],
          [
            "object",
            {
              "external_primary_public": [
                "tuple",
                []
              ],
              "external_secondary_public": [
                "tuple",
                []
              ]
            }
          ]
        ]
      ]
    },
    "vpc_id": {
      "value": "vpc-0a7e19e84eb3d102e",
      "type": "string"
    }
  },
  "resources": [
    {
      "mode": "managed",
      "type": "aws_iam_instance_profile",
      "name": "instance_profile",
      "provider": "provider[\"registry.terraform.io/hashicorp/aws\"]",
      "instances": [
        {
          "schema_version": 0,
          "attributes": {
            "arn": "arn:aws:iam::473611897480:instance-profile/tf-aws-bigip-iam-profile-8529",
            "create_date": "2025-01-11T22:31:51Z",
            "id": "tf-aws-bigip-iam-profile-8529",
            "name": "tf-aws-bigip-iam-profile-8529",
            "name_prefix": "",
            "path": "/",
            "role": "tf-aws-bigip-iam-role-8529",
            "tags": {},
            "tags_all": {},
            "unique_id": "AIPAW4RLYBKEET572GKSA"
          },
          "sensitive_attributes": [],
          "private": "bnVsbA==",
          "dependencies": [
            "aws_iam_role.main",
            "random_id.id"
          ]
        }
      ]
    },
    {
      "mode": "managed",
      "type": "aws_iam_role",
      "name": "main",
      "provider": "provider[\"registry.terraform.io/hashicorp/aws\"]",
      "instances": [
        {
          "schema_version": 0,
          "attributes": {
            "arn": "arn:aws:iam::473611897480:role/tf-aws-bigip-iam-role-8529",
            "assume_role_policy": "{\"Statement\":[{\"Action\":\"sts:AssumeRole\",\"Effect\":\"Allow\",\"Principal\":{\"Service\":\"ec2.amazonaws.com\"},\"Sid\":\"\"}],\"Version\":\"2012-10-17\"}",
            "create_date": "2025-01-11T22:31:51Z",
            "description": "",
            "force_detach_policies": false,
            "id": "tf-aws-bigip-iam-role-8529",
            "inline_policy": [
              {
                "name": "terraform-20250111223201995200000003",
                "policy": "{\"Version\":\"2012-10-17\",\"Statement\":[{\"Action\":[\"ec2:DescribeInstances\",\"ec2:DescribeInstanceStatus\",\"ec2:DescribeAddresses\",\"ec2:AssociateAddress\",\"ec2:DisassociateAddress\",\"ec2:DescribeNetworkInterfaces\",\"ec2:DescribeNetworkInterfaceAttribute\",\"ec2:DescribeRouteTables\",\"ec2:ReplaceRoute\",\"ec2:CreateRoute\",\"ec2:assignprivateipaddresses\",\"sts:AssumeRole\",\"s3:ListAllMyBuckets\"],\"Effect\":\"Allow\",\"Resource\":[\"*\"]},{\"Action\":[\"secretsmanager:GetResourcePolicy\",\"secretsmanager:GetSecretValue\",\"secretsmanager:DescribeSecret\",\"secretsmanager:ListSecretVersionIds\",\"secretsmanager:UpdateSecretVersionStage\"],\"Effect\":\"Allow\",\"Resource\":[\"arn:aws:secretsmanager:us-west-2:473611897480:secret:*\"]}]}"
              }
            ],
            "managed_policy_arns": [],
            "max_session_duration": 3600,
            "name": "tf-aws-bigip-iam-role-8529",
            "name_prefix": "",
            "path": "/",
            "permissions_boundary": "",
            "tags": {},
            "tags_all": {},
            "unique_id": "AROAW4RLYBKEAF35QCENB"
          },
          "sensitive_attributes": [],
          "private": "bnVsbA==",
          "dependencies": [
            "random_id.id"
          ]
        }
      ]
    },
    {
      "mode": "managed",
      "type": "aws_iam_role_policy",
      "name": "BigIpPolicy",
      "provider": "provider[\"registry.terraform.io/hashicorp/aws\"]",
      "instances": [
        {
          "schema_version": 0,
          "attributes": {
            "id": "tf-aws-bigip-iam-role-8529:terraform-20250111223201995200000003",
            "name": "terraform-20250111223201995200000003",
            "name_prefix": "terraform-",
            "policy": "{\"Version\":\"2012-10-17\",\"Statement\":[{\"Action\":[\"ec2:DescribeInstances\",\"ec2:DescribeInstanceStatus\",\"ec2:DescribeAddresses\",\"ec2:AssociateAddress\",\"ec2:DisassociateAddress\",\"ec2:DescribeNetworkInterfaces\",\"ec2:DescribeNetworkInterfaceAttribute\",\"ec2:DescribeRouteTables\",\"ec2:ReplaceRoute\",\"ec2:CreateRoute\",\"ec2:assignprivateipaddresses\",\"sts:AssumeRole\",\"s3:ListAllMyBuckets\"],\"Effect\":\"Allow\",\"Resource\":[\"*\"]},{\"Action\":[\"secretsmanager:GetResourcePolicy\",\"secretsmanager:GetSecretValue\",\"secretsmanager:DescribeSecret\",\"secretsmanager:ListSecretVersionIds\",\"secretsmanager:UpdateSecretVersionStage\"],\"Effect\":\"Allow\",\"Resource\":[\"arn:aws:secretsmanager:us-west-2:473611897480:secret:*\"]}]}",
            "role": "tf-aws-bigip-iam-role-8529"
          },
          "sensitive_attributes": [],
          "private": "bnVsbA==",
          "dependencies": [
            "aws_iam_role.main",
            "module.vpc.aws_vpc.this",
            "random_id.id"
          ]
        }
      ]
    },
    {
      "mode": "managed",
      "type": "aws_internet_gateway",
      "name": "gw",
      "provider": "provider[\"registry.terraform.io/hashicorp/aws\"]",
      "instances": [
        {
          "schema_version": 0,
          "attributes": {
            "arn": "arn:aws:ec2:us-west-2:473611897480:internet-gateway/igw-0753ddd3adb9ee78d",
            "id": "igw-0753ddd3adb9ee78d",
            "owner_id": "473611897480",
            "tags": {
              "Name": "default"
            },
            "tags_all": {
              "Name": "default"
            },
            "timeouts": null,
            "vpc_id": "vpc-0a7e19e84eb3d102e"
          },
          "sensitive_attributes": [],
          "private": "eyJlMmJmYjczMC1lY2FhLTExZTYtOGY4OC0zNDM2M2JjN2M0YzAiOnsiY3JlYXRlIjoxMjAwMDAwMDAwMDAwLCJkZWxldGUiOjEyMDAwMDAwMDAwMDAsInVwZGF0ZSI6MTIwMDAwMDAwMDAwMH19",
          "dependencies": [
            "module.vpc.aws_vpc.this",
            "random_id.id"
          ]
        }
      ]
    },
    {
      "mode": "managed",
      "type": "aws_key_pair",
      "name": "generated_key",
      "provider": "provider[\"registry.terraform.io/hashicorp/aws\"]",
      "instances": [
        {
          "schema_version": 1,
          "attributes": {
            "arn": "arn:aws:ec2:us-west-2:473611897480:key-pair/tf-aws-bigip-hvalbuena-key-8529",
            "fingerprint": "36:bd:1f:8e:cf:e0:05:ce:58:89:a8:80:d1:70:44:93",
            "id": "tf-aws-bigip-hvalbuena-key-8529",
            "key_name": "tf-aws-bigip-hvalbuena-key-8529",
            "key_name_prefix": "",
            "key_pair_id": "key-0fa5528be8d4bf388",
            "key_type": "rsa",
            "public_key": "ssh-rsa AAAAB3NzaC1yc2EAAAADAQABAAACAQCoao2GcMiTxxEPMueWqQ9XBHniaoRFdNukk7TBtvSuQH0tdLl9rP3U1oHvcJwKgYwOc0Ov0p7Ze9Zye6pfo4WjY1IAOCyWWNSWsEl/+pSdQZH8H765AOcKSa4EuVJSV+jztPhK1w0Laa/KDEnaM+isjXZzres4ATY0PEg9onFmop0Br+NtYgEiUiZ0QyKqFvSadHOhe8Z1sLJKiFKUtT+5W76E80W+5TixY2Qv3ob6hcyditynPgU053bmWbfw1Uhflhlkgw5i6zL53jyCZ9x+BygIvWwTWiBe0wKcz95cS6E+o4rXJ269iNWc6+7h4xjN1XkN9kXUvjEc9JPSI0GyUgXFqboFkw1Ycd8aNhSvIvSLjR+3Me5OJyer8PZlGUE8vz54vOEegADG+i96jqpswQ4z1XhW3cAuTJURFcBBVDG30kLlg2sK+zrbfCg1o4exul6aIFxLsAK12rPTk7/oQd/SDUXJqOom48bF0hW9Hvu+T75u8VaOGqFPoqkbn+XnL9Uv8MefPKQehMTTykBjAlZzsxLnF0SslGo7aiQ8oP7in8ksTS7Qw1R8yO85F1mjBlWT6wKg7ORcv77lcOLVjM9CnWFMh3Q1JiVCKtcTHcgAxe5TwHqllBNtJwkWU8rjKax7pNLtFWEkmTramFAAMi4k0h6GYAM/ccrbwvgjdQ==",
            "tags": {},
            "tags_all": {}
          },
          "sensitive_attributes": [],
          "private": "eyJzY2hlbWFfdmVyc2lvbiI6IjEifQ==",
          "dependencies": [
            "random_id.id",
            "tls_private_key.example"
          ]
        }
      ]
    },
    {
      "mode": "managed",
      "type": "aws_route_table",
      "name": "internet-gw",
      "provider": "provider[\"registry.terraform.io/hashicorp/aws\"]",
      "instances": [
        {
          "schema_version": 0,
          "attributes": {
            "arn": "arn:aws:ec2:us-west-2:473611897480:route-table/rtb-0cef8da0da9f6c37b",
            "id": "rtb-0cef8da0da9f6c37b",
            "owner_id": "473611897480",
            "propagating_vgws": [],
            "route": [
              {
                "carrier_gateway_id": "",
                "cidr_block": "0.0.0.0/0",
                "core_network_arn": "",
                "destination_prefix_list_id": "",
                "egress_only_gateway_id": "",
                "gateway_id": "igw-0753ddd3adb9ee78d",
                "ipv6_cidr_block": "",
                "local_gateway_id": "",
                "nat_gateway_id": "",
                "network_interface_id": "",
                "transit_gateway_id": "",
                "vpc_endpoint_id": "",
                "vpc_peering_connection_id": ""
              }
            ],
            "tags": {},
            "tags_all": {},
            "timeouts": null,
            "vpc_id": "vpc-0a7e19e84eb3d102e"
          },
          "sensitive_attributes": [],
          "private": "eyJlMmJmYjczMC1lY2FhLTExZTYtOGY4OC0zNDM2M2JjN2M0YzAiOnsiY3JlYXRlIjozMDAwMDAwMDAwMDAsImRlbGV0ZSI6MzAwMDAwMDAwMDAwLCJ1cGRhdGUiOjEyMDAwMDAwMDAwMH19",
          "dependencies": [
            "aws_internet_gateway.gw",
            "module.vpc.aws_vpc.this",
            "random_id.id"
          ]
        }
      ]
    },
    {
      "mode": "managed",
      "type": "aws_route_table_association",
      "name": "route_table_mgmt",
      "provider": "provider[\"registry.terraform.io/hashicorp/aws\"]",
      "instances": [
        {
          "schema_version": 0,
          "attributes": {
            "gateway_id": "",
            "id": "rtbassoc-007bfe2d63f2a2967",
            "route_table_id": "rtb-0cef8da0da9f6c37b",
            "subnet_id": "subnet-09bbb4b2feca4d76c",
            "timeouts": null
          },
          "sensitive_attributes": [],
          "private": "eyJlMmJmYjczMC1lY2FhLTExZTYtOGY4OC0zNDM2M2JjN2M0YzAiOnsiY3JlYXRlIjozMDAwMDAwMDAwMDAsImRlbGV0ZSI6MzAwMDAwMDAwMDAwLCJ1cGRhdGUiOjEyMDAwMDAwMDAwMH19",
          "dependencies": [
            "aws_internet_gateway.gw",
            "aws_route_table.internet-gw",
            "aws_subnet.mgmt",
            "module.vpc.aws_vpc.this",
            "random_id.id"
          ]
        }
      ]
    },
    {
      "mode": "managed",
      "type": "aws_secretsmanager_secret",
      "name": "bigip",
      "provider": "provider[\"registry.terraform.io/hashicorp/aws\"]",
      "instances": [
        {
          "schema_version": 0,
          "attributes": {
            "arn": "arn:aws:secretsmanager:us-west-2:473611897480:secret:tf-aws-bigip-bigip-secret-8529-oRRN5i",
            "description": "",
            "force_overwrite_replica_secret": false,
            "id": "arn:aws:secretsmanager:us-west-2:473611897480:secret:tf-aws-bigip-bigip-secret-8529-oRRN5i",
            "kms_key_id": "",
            "name": "tf-aws-bigip-bigip-secret-8529",
            "name_prefix": "",
            "policy": "",
            "recovery_window_in_days": 30,
            "replica": [],
            "tags": {},
            "tags_all": {}
          },
          "sensitive_attributes": [],
          "private": "bnVsbA==",
          "dependencies": [
            "random_id.id"
          ]
        }
      ]
    },
    {
      "mode": "managed",
      "type": "aws_secretsmanager_secret_version",
      "name": "bigip-pwd",
      "provider": "provider[\"registry.terraform.io/hashicorp/aws\"]",
      "instances": [
        {
          "schema_version": 0,
          "attributes": {
            "arn": "arn:aws:secretsmanager:us-west-2:473611897480:secret:tf-aws-bigip-bigip-secret-8529-oRRN5i",
            "id": "arn:aws:secretsmanager:us-west-2:473611897480:secret:tf-aws-bigip-bigip-secret-8529-oRRN5i|terraform-20250111223150915700000002",
            "secret_binary": "",
            "secret_id": "arn:aws:secretsmanager:us-west-2:473611897480:secret:tf-aws-bigip-bigip-secret-8529-oRRN5i",
            "secret_string": "x7XCS7Ws54xEgurS",
            "version_id": "terraform-20250111223150915700000002",
            "version_stages": [
              "AWSCURRENT"
            ]
          },
          "sensitive_attributes": [
            [
              {
                "type": "get_attr",
                "value": "secret_binary"
              }
            ],
            [
              {
                "type": "get_attr",
                "value": "secret_string"
              }
            ]
          ],
          "private": "bnVsbA==",
          "dependencies": [
            "aws_secretsmanager_secret.bigip",
            "random_id.id",
            "random_string.password"
          ]
        }
      ]
    },
    {
      "mode": "managed",
      "type": "aws_subnet",
      "name": "mgmt",
      "provider": "provider[\"registry.terraform.io/hashicorp/aws\"]",
      "instances": [
        {
          "schema_version": 1,
          "attributes": {
            "arn": "arn:aws:ec2:us-west-2:473611897480:subnet/subnet-09bbb4b2feca4d76c",
            "assign_ipv6_address_on_creation": false,
            "availability_zone": "us-west-2a",
            "availability_zone_id": "usw2-az1",
            "cidr_block": "10.0.1.0/24",
            "customer_owned_ipv4_pool": "",
            "enable_dns64": false,
            "enable_lni_at_device_index": 0,
            "enable_resource_name_dns_a_record_on_launch": false,
            "enable_resource_name_dns_aaaa_record_on_launch": false,
            "id": "subnet-09bbb4b2feca4d76c",
            "ipv6_cidr_block": "",
            "ipv6_cidr_block_association_id": "",
            "ipv6_native": false,
            "map_customer_owned_ip_on_launch": false,
            "map_public_ip_on_launch": false,
            "outpost_arn": "",
            "owner_id": "473611897480",
            "private_dns_hostname_type_on_launch": "ip-name",
            "tags": {
              "Name": "management"
            },
            "tags_all": {
              "Name": "management"
            },
            "timeouts": null,
            "vpc_id": "vpc-0a7e19e84eb3d102e"
          },
          "sensitive_attributes": [],
          "private": "eyJlMmJmYjczMC1lY2FhLTExZTYtOGY4OC0zNDM2M2JjN2M0YzAiOnsiY3JlYXRlIjo2MDAwMDAwMDAwMDAsImRlbGV0ZSI6MTIwMDAwMDAwMDAwMH0sInNjaGVtYV92ZXJzaW9uIjoiMSJ9",
          "dependencies": [
            "module.vpc.aws_vpc.this",
            "random_id.id"
          ]
        }
      ]
    },
    {
      "mode": "managed",
      "type": "null_resource",
      "name": "clusterDO",
      "provider": "provider[\"registry.terraform.io/hashicorp/null\"]",
      "instances": [
        {
          "index_key": 0,
          "schema_version": 0,
          "attributes": {
            "id": "3500169767776529670",
            "triggers": null
          },
          "sensitive_attributes": [],
          "dependencies": [
            "aws_key_pair.generated_key",
            "aws_subnet.mgmt",
            "module.bigip.aws_eip.ext-pub",
            "module.bigip.aws_eip.mgmt",
            "module.bigip.aws_eip.vip",
            "module.bigip.aws_instance.f5_bigip",
            "module.bigip.aws_network_interface.external_private",
            "module.bigip.aws_network_interface.external_private1",
            "module.bigip.aws_network_interface.mgmt",
            "module.bigip.aws_network_interface.mgmt1",
            "module.bigip.aws_network_interface.private",
            "module.bigip.aws_network_interface.private1",
            "module.bigip.aws_network_interface.public",
            "module.bigip.aws_network_interface.public1",
            "module.bigip.data.aws_ami.f5_ami",
            "module.bigip.data.aws_secretsmanager_secret.password",
            "module.bigip.data.aws_secretsmanager_secret_version.current",
            "module.bigip.random_id.module_id",
            "module.bigip.random_string.dynamic_password",
            "module.bigip.time_sleep.wait_for_aws_instance_f5_bigip",
            "module.mgmt-network-security-group.aws_security_group.this",
            "module.mgmt-network-security-group.aws_security_group.this_name_prefix",
            "module.vpc.aws_vpc.this",
            "random_id.id",
            "random_string.password",
            "tls_private_key.example"
          ]
        },
        {
          "index_key": 1,
          "schema_version": 0,
          "attributes": {
            "id": "7577857735991327870",
            "triggers": null
          },
          "sensitive_attributes": [],
          "dependencies": [
            "aws_key_pair.generated_key",
            "aws_subnet.mgmt",
            "module.bigip.aws_eip.ext-pub",
            "module.bigip.aws_eip.mgmt",
            "module.bigip.aws_eip.vip",
            "module.bigip.aws_instance.f5_bigip",
            "module.bigip.aws_network_interface.external_private",
            "module.bigip.aws_network_interface.external_private1",
            "module.bigip.aws_network_interface.mgmt",
            "module.bigip.aws_network_interface.mgmt1",
            "module.bigip.aws_network_interface.private",
            "module.bigip.aws_network_interface.private1",
            "module.bigip.aws_network_interface.public",
            "module.bigip.aws_network_interface.public1",
            "module.bigip.data.aws_ami.f5_ami",
            "module.bigip.data.aws_secretsmanager_secret.password",
            "module.bigip.data.aws_secretsmanager_secret_version.current",
            "module.bigip.random_id.module_id",
            "module.bigip.random_string.dynamic_password",
            "module.bigip.time_sleep.wait_for_aws_instance_f5_bigip",
            "module.mgmt-network-security-group.aws_security_group.this",
            "module.mgmt-network-security-group.aws_security_group.this_name_prefix",
            "module.vpc.aws_vpc.this",
            "random_id.id",
            "random_string.password",
            "tls_private_key.example"
          ]
        },
        {
          "index_key": 2,
          "schema_version": 0,
          "attributes": {
            "id": "4018984036109902413",
            "triggers": null
          },
          "sensitive_attributes": [],
          "dependencies": [
            "aws_key_pair.generated_key",
            "aws_subnet.mgmt",
            "module.bigip.aws_eip.ext-pub",
            "module.bigip.aws_eip.mgmt",
            "module.bigip.aws_eip.vip",
            "module.bigip.aws_instance.f5_bigip",
            "module.bigip.aws_network_interface.external_private",
            "module.bigip.aws_network_interface.external_private1",
            "module.bigip.aws_network_interface.mgmt",
            "module.bigip.aws_network_interface.mgmt1",
            "module.bigip.aws_network_interface.private",
            "module.bigip.aws_network_interface.private1",
            "module.bigip.aws_network_interface.public",
            "module.bigip.aws_network_interface.public1",
            "module.bigip.data.aws_ami.f5_ami",
            "module.bigip.data.aws_secretsmanager_secret.password",
            "module.bigip.data.aws_secretsmanager_secret_version.current",
            "module.bigip.random_id.module_id",
            "module.bigip.random_string.dynamic_password",
            "module.bigip.time_sleep.wait_for_aws_instance_f5_bigip",
            "module.mgmt-network-security-group.aws_security_group.this",
            "module.mgmt-network-security-group.aws_security_group.this_name_prefix",
            "module.vpc.aws_vpc.this",
            "random_id.id",
            "random_string.password",
            "tls_private_key.example"
          ]
        }
      ]
    },
    {
      "mode": "managed",
      "type": "random_id",
      "name": "id",
      "provider": "provider[\"registry.terraform.io/hashicorp/random\"]",
      "instances": [
        {
          "schema_version": 0,
          "attributes": {
            "b64_std": "hSk=",
            "b64_url": "hSk",
            "byte_length": 2,
            "dec": "34089",
            "hex": "8529",
            "id": "hSk",
            "keepers": null,
            "prefix": null
          },
          "sensitive_attributes": [],
          "create_before_destroy": true
        }
      ]
    },
    {
      "mode": "managed",
      "type": "random_string",
      "name": "password",
      "provider": "provider[\"registry.terraform.io/hashicorp/random\"]",
      "instances": [
        {
          "schema_version": 2,
          "attributes": {
            "id": "x7XCS7Ws54xEgurS",
            "keepers": null,
            "length": 16,
            "lower": true,
            "min_lower": 1,
            "min_numeric": 1,
            "min_special": 0,
            "min_upper": 1,
            "number": true,
            "numeric": true,
            "override_special": null,
            "result": "x7XCS7Ws54xEgurS",
            "special": false,
            "upper": true
          },
          "sensitive_attributes": []
        }
      ]
    },
    {
      "mode": "managed",
      "type": "tls_private_key",
      "name": "example",
      "provider": "provider[\"registry.terraform.io/hashicorp/tls\"]",
      "instances": [
        {
          "schema_version": 1,
          "attributes": {
            "algorithm": "RSA",
            "ecdsa_curve": "P224",
            "id": "859b78045651c46542f63f2c5e36e2044f95d6ce",
            "private_key_openssh": "-----BEGIN OPENSSH PRIVATE KEY-----\nb3BlbnNzaC1rZXktdjEAAAAABG5vbmUAAAAEbm9uZQAAAAAAAAABAAACFwAAAAdz\nc2gtcnNhAAAAAwEAAQAAAgEAqGqNhnDIk8cRDzLnlqkPVwR54mqERXTbpJO0wbb0\nrkB9LXS5faz91NaB73CcCoGMDnNDr9Ke2XvWcnuqX6OFo2NSADgslljUlrBJf/qU\nnUGR/B++uQDnCkmuBLlSUlfo87T4StcNC2mvygxJ2jPorI12c63rOAE2NDxIPaJx\nZqKdAa/jbWIBIlImdEMiqhb0mnRzoXvGdbCySohSlLU/uVu+hPNFvuU4sWNkL96G\n+oXMnYrcpz4FNOd25lm38NVIX5YZZIMOYusy+d48gmfcfgcoCL1sE1ogXtMCnM/e\nXEuhPqOK1yduvYjVnOvu4eMYzdV5DfZF1L4xHPST0iNBslIFxam6BZMNWHHfGjYU\nryL0i40ftzHuTicnq/D2ZRlBPL8+eLzhHoAAxvoveo6qbMEOM9V4Vt3ALkyVERXA\nQVQxt9JC5YNrCvs623woNaOHsbpemiBcS7ACtdqz05O/6EHf0g1FyajqJuPGxdIV\nvR77vk++bvFWjhqhT6KpG5/l5y/VL/DHnzykHoTE08pAYwJWc7MS5xdErJRqO2ok\nPKD+4p/JLE0u0MNUfMjvORdZowZVk+sCoOzkXL++5XDi1YzPQp1hTId0NSYlQirX\nEx3IAMXuU8B6pZQTbScJFlPK4ymse6TS7RVhJJk62phQADIuJNIehmADP3HK28L4\nI3UAAAc4hjzXxIY818QAAAAHc3NoLXJzYQAAAgEAqGqNhnDIk8cRDzLnlqkPVwR5\n4mqERXTbpJO0wbb0rkB9LXS5faz91NaB73CcCoGMDnNDr9Ke2XvWcnuqX6OFo2NS\nADgslljUlrBJf/qUnUGR/B++uQDnCkmuBLlSUlfo87T4StcNC2mvygxJ2jPorI12\nc63rOAE2NDxIPaJxZqKdAa/jbWIBIlImdEMiqhb0mnRzoXvGdbCySohSlLU/uVu+\nhPNFvuU4sWNkL96G+oXMnYrcpz4FNOd25lm38NVIX5YZZIMOYusy+d48gmfcfgco\nCL1sE1ogXtMCnM/eXEuhPqOK1yduvYjVnOvu4eMYzdV5DfZF1L4xHPST0iNBslIF\nxam6BZMNWHHfGjYUryL0i40ftzHuTicnq/D2ZRlBPL8+eLzhHoAAxvoveo6qbMEO\nM9V4Vt3ALkyVERXAQVQxt9JC5YNrCvs623woNaOHsbpemiBcS7ACtdqz05O/6EHf\n0g1FyajqJuPGxdIVvR77vk++bvFWjhqhT6KpG5/l5y/VL/DHnzykHoTE08pAYwJW\nc7MS5xdErJRqO2okPKD+4p/JLE0u0MNUfMjvORdZowZVk+sCoOzkXL++5XDi1YzP\nQp1hTId0NSYlQirXEx3IAMXuU8B6pZQTbScJFlPK4ymse6TS7RVhJJk62phQADIu\nJNIehmADP3HK28L4I3UAAAADAQABAAACAEGgk9mppV+AmPM1QO2Cn4mnIt/J5hUy\nvkxZinxaEOq+EoleDNIeUSNZG3T0irnFVZBj9iJTjrbs/NnLus5d6DuM/m07dpR3\ntQ+rTljiinrlDEAVFrr80Qs/PuJ0XNHdk9cz0/VF671gx7GSLE0tISPsVBYr1ZcT\nUc31F6l83XfDMi9wHM2I/Swkmvt/Fcj1/QcbDdwFYYaG/lLw4E02e8h9KbahHbKP\nnBHzyxykODDzZpKVg/pfvqOo9ro4h+b/FZ653NdAAqElSc34fdfLJS6vFzigp7a6\nzhZlX4U/s0R/7Ct+iyHgKdUNtz/Y6FN5rTa4Ut3P89I88uJ3pAqk1npGRtLCUAFL\nTSAvtMvvmT+nDrcSivFSd7B34/2/41hUeC7zq67S/Nyt/eGiniT56WxdXQNcjHBn\nK2/hU7eiJ9TPuY2hXrkyvz+LkvQ9MvWukIybgu873uqLbPPxfKFytp4FPYqlzmX1\nHjaZxXRgaPh5Y1qYPp22VpHu6mtwlMM5zTR398GX156yc2WfkxNwjskgat8xT71Q\nXcqbhSjM0WmriRy2TZYHHVeHxmnxazf7bElNE4tYou/X75QaSqR2K7ogNU29O+Uv\nHK7Id84y33+RO3jKEC0J304msj6/fVL00GBBrigmO4yDK6xv/ai+vqV12ZW7cC9H\nwSf7WSJTWL0ZAAABAF+QvEmSeJ+7vM8Kb9U5VEVF+VENHltQB4Yvwu49UEgtwExh\nrxqQ1G5LzJZijbb/s0ofakiXROkcrrgtIlelN8puqk4UY+nJatx4Y8eu46YCWO/y\nvp6G92tjd0UetL8jjQlwlWRdj3yFNSfOSaaZL8RszaqPz/I8LfX8C//OO0GtOofN\nxtS5yBs1VLb0t/vlM1g7lYupiC3Oq56/hApTw72cUYkqL7oI6bKaIErcZknC9643\nCRVtV30zqPXCN/Ljbkniw/T7dckgN/curhoYQE1qpQvPX4F6Bl7bzfPRevPL/GKb\ny/kg9fqZhmRXfmeTLUIqPecUVzyCMizFwbMD2nwAAAEBAMPu9nDaBZA1+VV3peP1\nE2zD/SuZj8I8//SpcYcNmFL2rFwT1hif/92eEIL7w6Pdw04SDJFXlk3eoCgsA6+H\nAUJD3RgQFhZsKqGCgwkr/5hNKeRxAms4X009Xm3ARZHdLo1rb93Wk/Yeg0OcuKG4\nF+EKqgOPXksXDBYCmxWOoAyZnsxRmW4BurH2v5NLA0DGLRsJoA4KzK8IuU1kZPt3\n0l5gdxUtrb9jBqLu773QD67eKVrcuQe6Z/cOzXsATgO9ZgiLFvIjD6HxlrIWT2Op\nnuNkn3xu01bCH+ZAC+ko9Fy/HliAbnQP0FjRuB1QFhgP58y+Vou2QYEPRe4Yf9z3\n5FcAAAEBANwMA1ElaX5WEEBr6KN3+ECzknpxudY19RXrVgWTT4h59u/rzFX86vXs\nG/dqK6Opxk+qaH0MO6TfnrwaDSj16uNfandaYWJyEos3CMEuvqOyEYIreZtL1fz4\nJp988CbQfnFbQ4mfVCMQzzs9Qa1qSYlJMV885iMMKSsCZzbAlkEdWK0rjyMRsOA5\nNXP8I9zMAwc8yrN/U10yRvJrlLF+QidTLOVDk/+yvhDwlyttqGjHxdc1peXOLqBk\noDDZTwXaq+xxvdFHZVgrVB8v3IRwXyZUSIMB93DVpwovd+tVu6fmpfEV0cM9a8fi\nxQB1A9mxbX9UOR+iXM87B4X4l6NotxMAAAAAAQID\n-----END OPENSSH PRIVATE KEY-----\n",
            "private_key_pem": "-----BEGIN RSA PRIVATE KEY-----\nMIIJKAIBAAKCAgEAqGqNhnDIk8cRDzLnlqkPVwR54mqERXTbpJO0wbb0rkB9LXS5\nfaz91NaB73CcCoGMDnNDr9Ke2XvWcnuqX6OFo2NSADgslljUlrBJf/qUnUGR/B++\nuQDnCkmuBLlSUlfo87T4StcNC2mvygxJ2jPorI12c63rOAE2NDxIPaJxZqKdAa/j\nbWIBIlImdEMiqhb0mnRzoXvGdbCySohSlLU/uVu+hPNFvuU4sWNkL96G+oXMnYrc\npz4FNOd25lm38NVIX5YZZIMOYusy+d48gmfcfgcoCL1sE1ogXtMCnM/eXEuhPqOK\n1yduvYjVnOvu4eMYzdV5DfZF1L4xHPST0iNBslIFxam6BZMNWHHfGjYUryL0i40f\ntzHuTicnq/D2ZRlBPL8+eLzhHoAAxvoveo6qbMEOM9V4Vt3ALkyVERXAQVQxt9JC\n5YNrCvs623woNaOHsbpemiBcS7ACtdqz05O/6EHf0g1FyajqJuPGxdIVvR77vk++\nbvFWjhqhT6KpG5/l5y/VL/DHnzykHoTE08pAYwJWc7MS5xdErJRqO2okPKD+4p/J\nLE0u0MNUfMjvORdZowZVk+sCoOzkXL++5XDi1YzPQp1hTId0NSYlQirXEx3IAMXu\nU8B6pZQTbScJFlPK4ymse6TS7RVhJJk62phQADIuJNIehmADP3HK28L4I3UCAwEA\nAQKCAgBBoJPZqaVfgJjzNUDtgp+JpyLfyeYVMr5MWYp8WhDqvhKJXgzSHlEjWRt0\n9Iq5xVWQY/YiU4627PzZy7rOXeg7jP5tO3aUd7UPq05Y4op65QxAFRa6/NELPz7i\ndFzR3ZPXM9P1Reu9YMexkixNLSEj7FQWK9WXE1HN9RepfN13wzIvcBzNiP0sJJr7\nfxXI9f0HGw3cBWGGhv5S8OBNNnvIfSm2oR2yj5wR88scpDgw82aSlYP6X76jqPa6\nOIfm/xWeudzXQAKhJUnN+H3XyyUurxc4oKe2us4WZV+FP7NEf+wrfosh4CnVDbc/\n2OhTea02uFLdz/PSPPLid6QKpNZ6RkbSwlABS00gL7TL75k/pw63EorxUnewd+P9\nv+NYVHgu86uu0vzcrf3hop4k+elsXV0DXIxwZytv4VO3oifUz7mNoV65Mr8/i5L0\nPTL1rpCMm4LvO97qi2zz8XyhcraeBT2Kpc5l9R42mcV0YGj4eWNamD6dtlaR7upr\ncJTDOc00d/fBl9eesnNln5MTcI7JIGrfMU+9UF3Km4UozNFpq4kctk2WBx1Xh8Zp\n8Ws3+2xJTROLWKLv1++UGkqkdiu6IDVNvTvlLxyuyHfOMt9/kTt4yhAtCd9OJrI+\nv31S9NBgQa4oJjuMgyusb/2ovr6lddmVu3AvR8En+1kiU1i9GQKCAQEAw+72cNoF\nkDX5VXel4/UTbMP9K5mPwjz/9Klxhw2YUvasXBPWGJ//3Z4QgvvDo93DThIMkVeW\nTd6gKCwDr4cBQkPdGBAWFmwqoYKDCSv/mE0p5HECazhfTT1ebcBFkd0ujWtv3daT\n9h6DQ5y4obgX4QqqA49eSxcMFgKbFY6gDJmezFGZbgG6sfa/k0sDQMYtGwmgDgrM\nrwi5TWRk+3fSXmB3FS2tv2MGou7vvdAPrt4pWty5B7pn9w7NewBOA71mCIsW8iMP\nofGWshZPY6me42SffG7TVsIf5kAL6Sj0XL8eWIBudA/QWNG4HVAWGA/nzL5Wi7ZB\ngQ9F7hh/3PfkVwKCAQEA3AwDUSVpflYQQGvoo3f4QLOSenG51jX1FetWBZNPiHn2\n7+vMVfzq9ewb92oro6nGT6pofQw7pN+evBoNKPXq419qd1phYnISizcIwS6+o7IR\ngit5m0vV/Pgmn3zwJtB+cVtDiZ9UIxDPOz1BrWpJiUkxXzzmIwwpKwJnNsCWQR1Y\nrSuPIxGw4Dk1c/wj3MwDBzzKs39TXTJG8muUsX5CJ1Ms5UOT/7K+EPCXK22oaMfF\n1zWl5c4uoGSgMNlPBdqr7HG90UdlWCtUHy/chHBfJlRIgwH3cNWnCi9361W7p+al\n8RXRwz1rx+LFAHUD2bFtf1Q5H6JczzsHhfiXo2i3EwKCAQEAwGD1IEExjTMxqTVd\ncMHFXNnizthsSq9SMYvdqFk04uDIw2/Gm08eDx+P3swMf+zSQul95Yc2USbx4f+1\nbrcECWhQwbuptEJoaUSYHH1S7Nt28pHzagtjp5dGDETpChs+BiUjJZH2nYXAJLbQ\nohj7eT7bR7uRPfFXMJVGaJgtlbGQNdU47MZN5Ub9O0Y/3222BAIjYSZBausJ5m9Y\np4Ay0e+tfOHo4y376iboxlpvy6bevBRUqL3iLrYeE1NtRkbE1EadNQov4zYuXJWD\nRbvaAjNeVPMMFvdsEst35msL47TTutn/mX2deFgSitWDnASh+Go619sP3gR9CRaN\nFQ1g6QKCAQBnJ86KRPKegjQeLzghIgWkN0qM0jGfZS4e93MdLADV5u9HbBAfo3B2\nlxhJNWF92QIZqLZRIOH5GcftQH043YgezUU47IrIvtdIoiUdgw9l5/1jO4RHtBZ9\n/8sDa2udlpIgC/uuUZ38zk2H5OCcLj6I+GIH1qHAflvySK8gMMp/fgVrMQdqFkoH\n42nWlLYvNQiaZPpViXQINaCi1qIfTyQuEUTzuWlxLlcB0/faKQ8RB84MZJ8AC1c6\nY9Hg9I6iHPAJ6QxmRoUQ/0bxU9uZzqAcdNiFae+Y2t/y22vpTAir3mmeim8Kiwmy\n6/EUlMaYUCAX1+Drno7Jq0+Mk4xq05U3AoIBAF+QvEmSeJ+7vM8Kb9U5VEVF+VEN\nHltQB4Yvwu49UEgtwExhrxqQ1G5LzJZijbb/s0ofakiXROkcrrgtIlelN8puqk4U\nY+nJatx4Y8eu46YCWO/yvp6G92tjd0UetL8jjQlwlWRdj3yFNSfOSaaZL8RszaqP\nz/I8LfX8C//OO0GtOofNxtS5yBs1VLb0t/vlM1g7lYupiC3Oq56/hApTw72cUYkq\nL7oI6bKaIErcZknC9643CRVtV30zqPXCN/Ljbkniw/T7dckgN/curhoYQE1qpQvP\nX4F6Bl7bzfPRevPL/GKby/kg9fqZhmRXfmeTLUIqPecUVzyCMizFwbMD2nw=\n-----END RSA PRIVATE KEY-----\n",
            "private_key_pem_pkcs8": "-----BEGIN PRIVATE KEY-----\nMIIJQgIBADANBgkqhkiG9w0BAQEFAASCCSwwggkoAgEAAoICAQCoao2GcMiTxxEP\nMueWqQ9XBHniaoRFdNukk7TBtvSuQH0tdLl9rP3U1oHvcJwKgYwOc0Ov0p7Ze9Zy\ne6pfo4WjY1IAOCyWWNSWsEl/+pSdQZH8H765AOcKSa4EuVJSV+jztPhK1w0Laa/K\nDEnaM+isjXZzres4ATY0PEg9onFmop0Br+NtYgEiUiZ0QyKqFvSadHOhe8Z1sLJK\niFKUtT+5W76E80W+5TixY2Qv3ob6hcyditynPgU053bmWbfw1Uhflhlkgw5i6zL5\n3jyCZ9x+BygIvWwTWiBe0wKcz95cS6E+o4rXJ269iNWc6+7h4xjN1XkN9kXUvjEc\n9JPSI0GyUgXFqboFkw1Ycd8aNhSvIvSLjR+3Me5OJyer8PZlGUE8vz54vOEegADG\n+i96jqpswQ4z1XhW3cAuTJURFcBBVDG30kLlg2sK+zrbfCg1o4exul6aIFxLsAK1\n2rPTk7/oQd/SDUXJqOom48bF0hW9Hvu+T75u8VaOGqFPoqkbn+XnL9Uv8MefPKQe\nhMTTykBjAlZzsxLnF0SslGo7aiQ8oP7in8ksTS7Qw1R8yO85F1mjBlWT6wKg7ORc\nv77lcOLVjM9CnWFMh3Q1JiVCKtcTHcgAxe5TwHqllBNtJwkWU8rjKax7pNLtFWEk\nmTramFAAMi4k0h6GYAM/ccrbwvgjdQIDAQABAoICAEGgk9mppV+AmPM1QO2Cn4mn\nIt/J5hUyvkxZinxaEOq+EoleDNIeUSNZG3T0irnFVZBj9iJTjrbs/NnLus5d6DuM\n/m07dpR3tQ+rTljiinrlDEAVFrr80Qs/PuJ0XNHdk9cz0/VF671gx7GSLE0tISPs\nVBYr1ZcTUc31F6l83XfDMi9wHM2I/Swkmvt/Fcj1/QcbDdwFYYaG/lLw4E02e8h9\nKbahHbKPnBHzyxykODDzZpKVg/pfvqOo9ro4h+b/FZ653NdAAqElSc34fdfLJS6v\nFzigp7a6zhZlX4U/s0R/7Ct+iyHgKdUNtz/Y6FN5rTa4Ut3P89I88uJ3pAqk1npG\nRtLCUAFLTSAvtMvvmT+nDrcSivFSd7B34/2/41hUeC7zq67S/Nyt/eGiniT56Wxd\nXQNcjHBnK2/hU7eiJ9TPuY2hXrkyvz+LkvQ9MvWukIybgu873uqLbPPxfKFytp4F\nPYqlzmX1HjaZxXRgaPh5Y1qYPp22VpHu6mtwlMM5zTR398GX156yc2WfkxNwjskg\nat8xT71QXcqbhSjM0WmriRy2TZYHHVeHxmnxazf7bElNE4tYou/X75QaSqR2K7og\nNU29O+UvHK7Id84y33+RO3jKEC0J304msj6/fVL00GBBrigmO4yDK6xv/ai+vqV1\n2ZW7cC9HwSf7WSJTWL0ZAoIBAQDD7vZw2gWQNflVd6Xj9RNsw/0rmY/CPP/0qXGH\nDZhS9qxcE9YYn//dnhCC+8Oj3cNOEgyRV5ZN3qAoLAOvhwFCQ90YEBYWbCqhgoMJ\nK/+YTSnkcQJrOF9NPV5twEWR3S6Na2/d1pP2HoNDnLihuBfhCqoDj15LFwwWApsV\njqAMmZ7MUZluAbqx9r+TSwNAxi0bCaAOCsyvCLlNZGT7d9JeYHcVLa2/Ywai7u+9\n0A+u3ila3LkHumf3Ds17AE4DvWYIixbyIw+h8ZayFk9jqZ7jZJ98btNWwh/mQAvp\nKPRcvx5YgG50D9BY0bgdUBYYD+fMvlaLtkGBD0XuGH/c9+RXAoIBAQDcDANRJWl+\nVhBAa+ijd/hAs5J6cbnWNfUV61YFk0+Iefbv68xV/Or17Bv3aiujqcZPqmh9DDuk\n3568Gg0o9erjX2p3WmFichKLNwjBLr6jshGCK3mbS9X8+CaffPAm0H5xW0OJn1Qj\nEM87PUGtakmJSTFfPOYjDCkrAmc2wJZBHVitK48jEbDgOTVz/CPczAMHPMqzf1Nd\nMkbya5SxfkInUyzlQ5P/sr4Q8Jcrbahox8XXNaXlzi6gZKAw2U8F2qvscb3RR2VY\nK1QfL9yEcF8mVEiDAfdw1acKL3frVbun5qXxFdHDPWvH4sUAdQPZsW1/VDkfolzP\nOweF+JejaLcTAoIBAQDAYPUgQTGNMzGpNV1wwcVc2eLO2GxKr1Ixi92oWTTi4MjD\nb8abTx4PH4/ezAx/7NJC6X3lhzZRJvHh/7VutwQJaFDBu6m0QmhpRJgcfVLs23by\nkfNqC2Onl0YMROkKGz4GJSMlkfadhcAkttCiGPt5PttHu5E98VcwlUZomC2VsZA1\n1Tjsxk3lRv07Rj/fbbYEAiNhJkFq6wnmb1ingDLR76184ejjLfvqJujGWm/Lpt68\nFFSoveIuth4TU21GRsTURp01Ci/jNi5clYNFu9oCM15U8wwW92wSy3fmawvjtNO6\n2f+ZfZ14WBKK1YOcBKH4ajrX2w/eBH0JFo0VDWDpAoIBAGcnzopE8p6CNB4vOCEi\nBaQ3SozSMZ9lLh73cx0sANXm70dsEB+jcHaXGEk1YX3ZAhmotlEg4fkZx+1AfTjd\niB7NRTjsisi+10iiJR2DD2Xn/WM7hEe0Fn3/ywNra52WkiAL+65RnfzOTYfk4Jwu\nPoj4YgfWocB+W/JIryAwyn9+BWsxB2oWSgfjadaUti81CJpk+lWJdAg1oKLWoh9P\nJC4RRPO5aXEuVwHT99opDxEHzgxknwALVzpj0eD0jqIc8AnpDGZGhRD/RvFT25nO\noBx02IVp75ja3/Lba+lMCKveaZ6KbwqLCbLr8RSUxphQIBfX4OuejsmrT4yTjGrT\nlTcCggEAX5C8SZJ4n7u8zwpv1TlURUX5UQ0eW1AHhi/C7j1QSC3ATGGvGpDUbkvM\nlmKNtv+zSh9qSJdE6RyuuC0iV6U3ym6qThRj6clq3Hhjx67jpgJY7/K+nob3a2N3\nRR60vyONCXCVZF2PfIU1J85JppkvxGzNqo/P8jwt9fwL/847Qa06h83G1LnIGzVU\ntvS3++UzWDuVi6mILc6rnr+EClPDvZxRiSovugjpspogStxmScL3rjcJFW1XfTOo\n9cI38uNuSeLD9Pt1ySA39y6uGhhATWqlC89fgXoGXtvN89F688v8YpvL+SD1+pmG\nZFd+Z5MtQio95xRXPIIyLMXBswPafA==\n-----END PRIVATE KEY-----\n",
            "public_key_fingerprint_md5": "7b:33:c6:4d:4a:ee:df:78:05:c5:08:3c:f2:13:70:b8",
            "public_key_fingerprint_sha256": "SHA256:FQ1ujnrW+AHfONbyQrWlducHjgxXcpAR8DG/jKHYuOM",
            "public_key_openssh": "ssh-rsa AAAAB3NzaC1yc2EAAAADAQABAAACAQCoao2GcMiTxxEPMueWqQ9XBHniaoRFdNukk7TBtvSuQH0tdLl9rP3U1oHvcJwKgYwOc0Ov0p7Ze9Zye6pfo4WjY1IAOCyWWNSWsEl/+pSdQZH8H765AOcKSa4EuVJSV+jztPhK1w0Laa/KDEnaM+isjXZzres4ATY0PEg9onFmop0Br+NtYgEiUiZ0QyKqFvSadHOhe8Z1sLJKiFKUtT+5W76E80W+5TixY2Qv3ob6hcyditynPgU053bmWbfw1Uhflhlkgw5i6zL53jyCZ9x+BygIvWwTWiBe0wKcz95cS6E+o4rXJ269iNWc6+7h4xjN1XkN9kXUvjEc9JPSI0GyUgXFqboFkw1Ycd8aNhSvIvSLjR+3Me5OJyer8PZlGUE8vz54vOEegADG+i96jqpswQ4z1XhW3cAuTJURFcBBVDG30kLlg2sK+zrbfCg1o4exul6aIFxLsAK12rPTk7/oQd/SDUXJqOom48bF0hW9Hvu+T75u8VaOGqFPoqkbn+XnL9Uv8MefPKQehMTTykBjAlZzsxLnF0SslGo7aiQ8oP7in8ksTS7Qw1R8yO85F1mjBlWT6wKg7ORcv77lcOLVjM9CnWFMh3Q1JiVCKtcTHcgAxe5TwHqllBNtJwkWU8rjKax7pNLtFWEkmTramFAAMi4k0h6GYAM/ccrbwvgjdQ==\n",
            "public_key_pem": "-----BEGIN PUBLIC KEY-----\nMIICIjANBgkqhkiG9w0BAQEFAAOCAg8AMIICCgKCAgEAqGqNhnDIk8cRDzLnlqkP\nVwR54mqERXTbpJO0wbb0rkB9LXS5faz91NaB73CcCoGMDnNDr9Ke2XvWcnuqX6OF\no2NSADgslljUlrBJf/qUnUGR/B++uQDnCkmuBLlSUlfo87T4StcNC2mvygxJ2jPo\nrI12c63rOAE2NDxIPaJxZqKdAa/jbWIBIlImdEMiqhb0mnRzoXvGdbCySohSlLU/\nuVu+hPNFvuU4sWNkL96G+oXMnYrcpz4FNOd25lm38NVIX5YZZIMOYusy+d48gmfc\nfgcoCL1sE1ogXtMCnM/eXEuhPqOK1yduvYjVnOvu4eMYzdV5DfZF1L4xHPST0iNB\nslIFxam6BZMNWHHfGjYUryL0i40ftzHuTicnq/D2ZRlBPL8+eLzhHoAAxvoveo6q\nbMEOM9V4Vt3ALkyVERXAQVQxt9JC5YNrCvs623woNaOHsbpemiBcS7ACtdqz05O/\n6EHf0g1FyajqJuPGxdIVvR77vk++bvFWjhqhT6KpG5/l5y/VL/DHnzykHoTE08pA\nYwJWc7MS5xdErJRqO2okPKD+4p/JLE0u0MNUfMjvORdZowZVk+sCoOzkXL++5XDi\n1YzPQp1hTId0NSYlQirXEx3IAMXuU8B6pZQTbScJFlPK4ymse6TS7RVhJJk62phQ\nADIuJNIehmADP3HK28L4I3UCAwEAAQ==\n-----END PUBLIC KEY-----\n",
            "rsa_bits": 4096
          },
          "sensitive_attributes": [
            [
              {
                "type": "get_attr",
                "value": "private_key_pem"
              }
            ],
            [
              {
                "type": "get_attr",
                "value": "private_key_openssh"
              }
            ],
            [
              {
                "type": "get_attr",
                "value": "private_key_pem_pkcs8"
              }
            ]
          ]
        }
      ]
    },
    {
      "module": "module.bigip[0]",
      "mode": "data",
      "type": "aws_ami",
      "name": "f5_ami",
      "provider": "provider[\"registry.terraform.io/hashicorp/aws\"]",
      "instances": [
        {
          "schema_version": 0,
          "attributes": {
            "architecture": "x86_64",
            "arn": "arn:aws:ec2:us-west-2::image/ami-095dc6aa4c29a745c",
            "block_device_mappings": [
              {
                "device_name": "/dev/xvda",
                "ebs": {
                  "delete_on_termination": "true",
                  "encrypted": "false",
                  "iops": "0",
                  "snapshot_id": "snap-0c5214b4a9757746d",
                  "throughput": "0",
                  "volume_size": "82",
                  "volume_type": "gp2"
                },
                "no_device": "",
                "virtual_name": ""
              }
            ],
            "boot_mode": "",
            "creation_date": "2024-10-29T16:25:43.000Z",
            "deprecation_time": "2026-10-29T16:25:43.000Z",
            "description": "F5 BIGIP-17.1.1.4-0.100.9 PAYG-Best Plus 25Mbps-241016112516",
            "ena_support": true,
            "executable_users": null,
            "filter": [
              {
                "name": "description",
                "values": [
                  "F5 BIGIP-17.1* PAYG-Best Plus 25Mbps*"
                ]
              }
            ],
            "hypervisor": "xen",
            "id": "ami-095dc6aa4c29a745c",
            "image_id": "ami-095dc6aa4c29a745c",
            "image_location": "aws-marketplace/F5 BIGIP-17.1.1.4-0.100.9 PAYG-Best Plus 25Mbps-241016112516-6d4b625a-1e4a-424c-8015-db245e93cfd1",
            "image_owner_alias": "aws-marketplace",
            "image_type": "machine",
            "imds_support": "",
            "include_deprecated": false,
            "kernel_id": "",
            "most_recent": true,
            "name": "F5 BIGIP-17.1.1.4-0.100.9 PAYG-Best Plus 25Mbps-241016112516-6d4b625a-1e4a-424c-8015-db245e93cfd1",
            "name_regex": null,
            "owner_id": "679593333241",
            "owners": [
              "aws-marketplace"
            ],
            "platform": "",
            "platform_details": "Linux/UNIX",
            "product_codes": [
              {
                "product_code_id": "6gxrih3enhavyxlj11or9z9ht",
                "product_code_type": "marketplace"
              }
            ],
            "public": true,
            "ramdisk_id": "",
            "root_device_name": "/dev/xvda",
            "root_device_type": "ebs",
            "root_snapshot_id": "snap-0c5214b4a9757746d",
            "sriov_net_support": "simple",
            "state": "available",
            "state_reason": {
              "code": "UNSET",
              "message": "UNSET"
            },
            "tags": {},
            "timeouts": null,
            "tpm_support": "",
            "usage_operation": "RunInstances",
            "virtualization_type": "hvm"
          },
          "sensitive_attributes": []
        }
      ]
    },
    {
      "module": "module.bigip[0]",
      "mode": "managed",
      "type": "aws_eip",
      "name": "mgmt",
      "provider": "provider[\"registry.terraform.io/hashicorp/aws\"]",
      "instances": [
        {
          "index_key": 0,
          "schema_version": 0,
          "attributes": {
            "address": null,
            "allocation_id": "eipalloc-0de98490107038201",
            "arn": "arn:aws:ec2:us-west-2:473611897480:elastic-ip/eipalloc-0de98490107038201",
            "associate_with_private_ip": null,
            "association_id": "eipassoc-02c1f653da0de25dc",
            "carrier_ip": "",
            "customer_owned_ip": "",
            "customer_owned_ipv4_pool": "",
            "domain": "vpc",
            "id": "eipalloc-0de98490107038201",
            "instance": "i-0ea6560f23a95bdaa",
            "ipam_pool_id": null,
            "network_border_group": "us-west-2",
            "network_interface": "eni-01e72f894b7e2cb30",
            "private_dns": "ip-10-0-1-7.us-west-2.compute.internal",
            "private_ip": "10.0.1.7",
            "ptr_record": "",
            "public_dns": "ec2-44-233-237-217.us-west-2.compute.amazonaws.com",
            "public_ip": "44.233.237.217",
            "public_ipv4_pool": "amazon",
            "tags": {
              "Name": "BIGIP-Managemt-PublicIp-0",
              "Prefix": "tf-aws-bigip-1nic-6bf3"
            },
            "tags_all": {
              "Name": "BIGIP-Managemt-PublicIp-0",
              "Prefix": "tf-aws-bigip-1nic-6bf3"
            },
            "timeouts": null,
            "vpc": true
          },
          "sensitive_attributes": [],
          "private": "eyJlMmJmYjczMC1lY2FhLTExZTYtOGY4OC0zNDM2M2JjN2M0YzAiOnsiZGVsZXRlIjoxODAwMDAwMDAwMDAsInJlYWQiOjkwMDAwMDAwMDAwMCwidXBkYXRlIjozMDAwMDAwMDAwMDB9fQ==",
          "dependencies": [
            "aws_subnet.mgmt",
            "module.bigip.aws_network_interface.mgmt",
            "module.bigip.aws_network_interface.mgmt1",
            "module.bigip.random_id.module_id",
            "module.mgmt-network-security-group.aws_security_group.this",
            "module.mgmt-network-security-group.aws_security_group.this_name_prefix",
            "module.vpc.aws_vpc.this",
            "random_id.id"
          ]
        }
      ]
    },
    {
      "module": "module.bigip[0]",
      "mode": "managed",
      "type": "aws_instance",
      "name": "f5_bigip",
      "provider": "provider[\"registry.terraform.io/hashicorp/aws\"]",
      "instances": [
        {
          "schema_version": 1,
          "attributes": {
            "ami": "ami-095dc6aa4c29a745c",
            "arn": "arn:aws:ec2:us-west-2:473611897480:instance/i-0ea6560f23a95bdaa",
            "associate_public_ip_address": true,
            "availability_zone": "us-west-2a",
            "capacity_reservation_specification": [
              {
                "capacity_reservation_preference": "open",
                "capacity_reservation_target": []
              }
            ],
            "cpu_core_count": 2,
            "cpu_options": [
              {
                "amd_sev_snp": "",
                "core_count": 2,
                "threads_per_core": 2
              }
            ],
            "cpu_threads_per_core": 2,
            "credit_specification": [],
            "disable_api_stop": false,
            "disable_api_termination": false,
            "ebs_block_device": [],
            "ebs_optimized": false,
            "enable_primary_ipv6": null,
            "enclave_options": [
              {
                "enabled": false
              }
            ],
            "ephemeral_block_device": [],
            "get_password_data": false,
            "hibernation": false,
            "host_id": "",
            "host_resource_group_arn": null,
            "iam_instance_profile": "",
            "id": "i-0ea6560f23a95bdaa",
            "instance_initiated_shutdown_behavior": "stop",
            "instance_lifecycle": "",
            "instance_market_options": [],
            "instance_state": "running",
            "instance_type": "m5.xlarge",
            "ipv6_address_count": 0,
            "ipv6_addresses": [],
            "key_name": "tf-aws-bigip-hvalbuena-key-8529",
            "launch_template": [],
            "maintenance_options": [
              {
                "auto_recovery": "default"
              }
            ],
            "metadata_options": [
              {
                "http_endpoint": "enabled",
                "http_protocol_ipv6": "disabled",
                "http_put_response_hop_limit": 1,
                "http_tokens": "optional",
                "instance_metadata_tags": "disabled"
              }
            ],
            "monitoring": false,
            "network_interface": [
              {
                "delete_on_termination": false,
                "device_index": 0,
                "network_card_index": 0,
                "network_interface_id": "eni-01e72f894b7e2cb30"
              }
            ],
            "outpost_arn": "",
            "password_data": "",
            "placement_group": "",
            "placement_partition_number": 0,
            "primary_network_interface_id": "eni-01e72f894b7e2cb30",
            "private_dns": "ip-10-0-1-7.us-west-2.compute.internal",
            "private_dns_name_options": [
              {
                "enable_resource_name_dns_a_record": false,
                "enable_resource_name_dns_aaaa_record": false,
                "hostname_type": "ip-name"
              }
            ],
            "private_ip": "10.0.1.7",
            "public_dns": "ec2-44-233-237-217.us-west-2.compute.amazonaws.com",
            "public_ip": "44.233.237.217",
            "root_block_device": [
              {
                "delete_on_termination": true,
                "device_name": "/dev/xvda",
                "encrypted": false,
                "iops": 246,
                "kms_key_id": "",
                "tags": {},
                "tags_all": {},
                "throughput": 0,
                "volume_id": "vol-0612ebf7a38579b55",
                "volume_size": 82,
                "volume_type": "gp2"
              }
            ],
            "secondary_private_ips": [],
            "security_groups": [],
            "source_dest_check": true,
            "spot_instance_request_id": "",
            "subnet_id": "subnet-09bbb4b2feca4d76c",
            "tags": {
              "Name": "BIGIP-Instance-tf-aws-bigip-1nic-6bf3",
              "Prefix": "tf-aws-bigip-1nic-6bf3"
            },
            "tags_all": {
              "Name": "BIGIP-Instance-tf-aws-bigip-1nic-6bf3",
              "Prefix": "tf-aws-bigip-1nic-6bf3"
            },
            "tenancy": "default",
            "timeouts": null,
            "user_data": "7c967011f16f68e09d963df20d2dae72e84f0fcb",
            "user_data_base64": null,
            "user_data_replace_on_change": false,
            "volume_tags": null,
            "vpc_security_group_ids": [
              "sg-09989d4d55ca7aced"
            ]
          },
          "sensitive_attributes": [],
          "private": "eyJlMmJmYjczMC1lY2FhLTExZTYtOGY4OC0zNDM2M2JjN2M0YzAiOnsiY3JlYXRlIjo2MDAwMDAwMDAwMDAsImRlbGV0ZSI6MTIwMDAwMDAwMDAwMCwicmVhZCI6OTAwMDAwMDAwMDAwLCJ1cGRhdGUiOjYwMDAwMDAwMDAwMH0sInNjaGVtYV92ZXJzaW9uIjoiMSJ9",
          "dependencies": [
            "aws_key_pair.generated_key",
            "aws_subnet.mgmt",
            "module.bigip.aws_eip.mgmt",
            "module.bigip.aws_network_interface.external_private",
            "module.bigip.aws_network_interface.external_private1",
            "module.bigip.aws_network_interface.mgmt",
            "module.bigip.aws_network_interface.mgmt1",
            "module.bigip.aws_network_interface.private",
            "module.bigip.aws_network_interface.private1",
            "module.bigip.aws_network_interface.public",
            "module.bigip.aws_network_interface.public1",
            "module.bigip.data.aws_ami.f5_ami",
            "module.bigip.data.aws_secretsmanager_secret.password",
            "module.bigip.data.aws_secretsmanager_secret_version.current",
            "module.bigip.random_id.module_id",
            "module.bigip.random_string.dynamic_password",
            "module.mgmt-network-security-group.aws_security_group.this",
            "module.mgmt-network-security-group.aws_security_group.this_name_prefix",
            "module.vpc.aws_vpc.this",
            "random_id.id",
            "random_string.password",
            "tls_private_key.example"
          ]
        }
      ]
    },
    {
      "module": "module.bigip[0]",
      "mode": "managed",
      "type": "aws_network_interface",
      "name": "mgmt1",
      "provider": "provider[\"registry.terraform.io/hashicorp/aws\"]",
      "instances": [
        {
          "index_key": 0,
          "schema_version": 0,
          "attributes": {
            "arn": "arn:aws:ec2:us-west-2:473611897480:network-interface/eni-01e72f894b7e2cb30",
            "attachment": [
              {
                "attachment_id": "eni-attach-0051b0afb281de83c",
                "device_index": 0,
                "instance": "i-0ea6560f23a95bdaa"
              }
            ],
            "description": "",
            "enable_primary_ipv6": null,
            "id": "eni-01e72f894b7e2cb30",
            "interface_type": "interface",
            "ipv4_prefix_count": 0,
            "ipv4_prefixes": [],
            "ipv6_address_count": 0,
            "ipv6_address_list": [],
            "ipv6_address_list_enabled": false,
            "ipv6_addresses": [],
            "ipv6_prefix_count": 0,
            "ipv6_prefixes": [],
            "mac_address": "02:cc:46:7c:6c:81",
            "outpost_arn": "",
            "owner_id": "473611897480",
            "private_dns_name": "ip-10-0-1-7.us-west-2.compute.internal",
            "private_ip": "10.0.1.7",
            "private_ip_list": [
              "10.0.1.7"
            ],
            "private_ip_list_enabled": false,
            "private_ips": [
              "10.0.1.7"
            ],
            "private_ips_count": 0,
            "security_groups": [
              "sg-09989d4d55ca7aced"
            ],
            "source_dest_check": true,
            "subnet_id": "subnet-09bbb4b2feca4d76c",
            "tags": {
              "Name": "BIGIP-Managemt-Interface-0",
              "Prefix": "tf-aws-bigip-1nic-6bf3"
            },
            "tags_all": {
              "Name": "BIGIP-Managemt-Interface-0",
              "Prefix": "tf-aws-bigip-1nic-6bf3"
            }
          },
          "sensitive_attributes": [],
          "private": "bnVsbA==",
          "dependencies": [
            "aws_subnet.mgmt",
            "module.bigip.random_id.module_id",
            "module.mgmt-network-security-group.aws_security_group.this",
            "module.mgmt-network-security-group.aws_security_group.this_name_prefix",
            "module.vpc.aws_vpc.this",
            "random_id.id"
          ]
        }
      ]
    },
    {
      "module": "module.bigip[0]",
      "mode": "managed",
      "type": "random_id",
      "name": "module_id",
      "provider": "provider[\"registry.terraform.io/hashicorp/random\"]",
      "instances": [
        {
          "schema_version": 0,
          "attributes": {
            "b64_std": "a/M=",
            "b64_url": "a_M",
            "byte_length": 2,
            "dec": "27635",
            "hex": "6bf3",
            "id": "a_M",
            "keepers": null,
            "prefix": null
          },
          "sensitive_attributes": []
        }
      ]
    },
    {
      "module": "module.bigip[0]",
      "mode": "managed",
      "type": "random_string",
      "name": "dynamic_password",
      "provider": "provider[\"registry.terraform.io/hashicorp/random\"]",
      "instances": [
        {
          "schema_version": 2,
          "attributes": {
            "id": "uSZVeS5ehRiDvoJ0",
            "keepers": null,
            "length": 16,
            "lower": true,
            "min_lower": 1,
            "min_numeric": 1,
            "min_special": 0,
            "min_upper": 1,
            "number": true,
            "numeric": true,
            "override_special": null,
            "result": "uSZVeS5ehRiDvoJ0",
            "special": false,
            "upper": true
          },
          "sensitive_attributes": []
        }
      ]
    },
    {
      "module": "module.bigip[0]",
      "mode": "managed",
      "type": "time_sleep",
      "name": "wait_for_aws_instance_f5_bigip",
      "provider": "provider[\"registry.terraform.io/hashicorp/time\"]",
      "instances": [
        {
          "schema_version": 0,
          "attributes": {
            "create_duration": "600s",
            "destroy_duration": null,
            "id": "2025-01-11T22:42:18Z",
            "triggers": null
          },
          "sensitive_attributes": [],
          "dependencies": [
            "aws_key_pair.generated_key",
            "aws_subnet.mgmt",
            "module.bigip.aws_eip.mgmt",
            "module.bigip.aws_instance.f5_bigip",
            "module.bigip.aws_network_interface.external_private",
            "module.bigip.aws_network_interface.external_private1",
            "module.bigip.aws_network_interface.mgmt",
            "module.bigip.aws_network_interface.mgmt1",
            "module.bigip.aws_network_interface.private",
            "module.bigip.aws_network_interface.private1",
            "module.bigip.aws_network_interface.public",
            "module.bigip.aws_network_interface.public1",
            "module.bigip.data.aws_ami.f5_ami",
            "module.bigip.data.aws_secretsmanager_secret.password",
            "module.bigip.data.aws_secretsmanager_secret_version.current",
            "module.bigip.random_id.module_id",
            "module.bigip.random_string.dynamic_password",
            "module.mgmt-network-security-group.aws_security_group.this",
            "module.mgmt-network-security-group.aws_security_group.this_name_prefix",
            "module.vpc.aws_vpc.this",
            "random_id.id",
            "random_string.password",
            "tls_private_key.example"
          ]
        }
      ]
    },
    {
      "module": "module.bigip[1]",
      "mode": "data",
      "type": "aws_ami",
      "name": "f5_ami",
      "provider": "provider[\"registry.terraform.io/hashicorp/aws\"]",
      "instances": [
        {
          "schema_version": 0,
          "attributes": {
            "architecture": "x86_64",
            "arn": "arn:aws:ec2:us-west-2::image/ami-095dc6aa4c29a745c",
            "block_device_mappings": [
              {
                "device_name": "/dev/xvda",
                "ebs": {
                  "delete_on_termination": "true",
                  "encrypted": "false",
                  "iops": "0",
                  "snapshot_id": "snap-0c5214b4a9757746d",
                  "throughput": "0",
                  "volume_size": "82",
                  "volume_type": "gp2"
                },
                "no_device": "",
                "virtual_name": ""
              }
            ],
            "boot_mode": "",
            "creation_date": "2024-10-29T16:25:43.000Z",
            "deprecation_time": "2026-10-29T16:25:43.000Z",
            "description": "F5 BIGIP-17.1.1.4-0.100.9 PAYG-Best Plus 25Mbps-241016112516",
            "ena_support": true,
            "executable_users": null,
            "filter": [
              {
                "name": "description",
                "values": [
                  "F5 BIGIP-17.1* PAYG-Best Plus 25Mbps*"
                ]
              }
            ],
            "hypervisor": "xen",
            "id": "ami-095dc6aa4c29a745c",
            "image_id": "ami-095dc6aa4c29a745c",
            "image_location": "aws-marketplace/F5 BIGIP-17.1.1.4-0.100.9 PAYG-Best Plus 25Mbps-241016112516-6d4b625a-1e4a-424c-8015-db245e93cfd1",
            "image_owner_alias": "aws-marketplace",
            "image_type": "machine",
            "imds_support": "",
            "include_deprecated": false,
            "kernel_id": "",
            "most_recent": true,
            "name": "F5 BIGIP-17.1.1.4-0.100.9 PAYG-Best Plus 25Mbps-241016112516-6d4b625a-1e4a-424c-8015-db245e93cfd1",
            "name_regex": null,
            "owner_id": "679593333241",
            "owners": [
              "aws-marketplace"
            ],
            "platform": "",
            "platform_details": "Linux/UNIX",
            "product_codes": [
              {
                "product_code_id": "6gxrih3enhavyxlj11or9z9ht",
                "product_code_type": "marketplace"
              }
            ],
            "public": true,
            "ramdisk_id": "",
            "root_device_name": "/dev/xvda",
            "root_device_type": "ebs",
            "root_snapshot_id": "snap-0c5214b4a9757746d",
            "sriov_net_support": "simple",
            "state": "available",
            "state_reason": {
              "code": "UNSET",
              "message": "UNSET"
            },
            "tags": {},
            "timeouts": null,
            "tpm_support": "",
            "usage_operation": "RunInstances",
            "virtualization_type": "hvm"
          },
          "sensitive_attributes": []
        }
      ]
    },
    {
      "module": "module.bigip[1]",
      "mode": "managed",
      "type": "aws_eip",
      "name": "mgmt",
      "provider": "provider[\"registry.terraform.io/hashicorp/aws\"]",
      "instances": [
        {
          "index_key": 0,
          "schema_version": 0,
          "attributes": {
            "address": null,
            "allocation_id": "eipalloc-06630cc752640545b",
            "arn": "arn:aws:ec2:us-west-2:473611897480:elastic-ip/eipalloc-06630cc752640545b",
            "associate_with_private_ip": null,
            "association_id": "eipassoc-08a0ad83d97af4839",
            "carrier_ip": "",
            "customer_owned_ip": "",
            "customer_owned_ipv4_pool": "",
            "domain": "vpc",
            "id": "eipalloc-06630cc752640545b",
            "instance": "i-0915405128d94607b",
            "ipam_pool_id": null,
            "network_border_group": "us-west-2",
            "network_interface": "eni-0e314849daa5edc6e",
            "private_dns": "ip-10-0-1-237.us-west-2.compute.internal",
            "private_ip": "10.0.1.237",
            "ptr_record": "",
            "public_dns": "ec2-54-245-93-168.us-west-2.compute.amazonaws.com",
            "public_ip": "54.245.93.168",
            "public_ipv4_pool": "amazon",
            "tags": {
              "Name": "BIGIP-Managemt-PublicIp-0",
              "Prefix": "tf-aws-bigip-1nic-130a"
            },
            "tags_all": {
              "Name": "BIGIP-Managemt-PublicIp-0",
              "Prefix": "tf-aws-bigip-1nic-130a"
            },
            "timeouts": null,
            "vpc": true
          },
          "sensitive_attributes": [],
          "private": "eyJlMmJmYjczMC1lY2FhLTExZTYtOGY4OC0zNDM2M2JjN2M0YzAiOnsiZGVsZXRlIjoxODAwMDAwMDAwMDAsInJlYWQiOjkwMDAwMDAwMDAwMCwidXBkYXRlIjozMDAwMDAwMDAwMDB9fQ==",
          "dependencies": [
            "aws_subnet.mgmt",
            "module.bigip.aws_network_interface.mgmt",
            "module.bigip.aws_network_interface.mgmt1",
            "module.bigip.random_id.module_id",
            "module.mgmt-network-security-group.aws_security_group.this",
            "module.mgmt-network-security-group.aws_security_group.this_name_prefix",
            "module.vpc.aws_vpc.this",
            "random_id.id"
          ]
        }
      ]
    },
    {
      "module": "module.bigip[1]",
      "mode": "managed",
      "type": "aws_instance",
      "name": "f5_bigip",
      "provider": "provider[\"registry.terraform.io/hashicorp/aws\"]",
      "instances": [
        {
          "schema_version": 1,
          "attributes": {
            "ami": "ami-095dc6aa4c29a745c",
            "arn": "arn:aws:ec2:us-west-2:473611897480:instance/i-0915405128d94607b",
            "associate_public_ip_address": true,
            "availability_zone": "us-west-2a",
            "capacity_reservation_specification": [
              {
                "capacity_reservation_preference": "open",
                "capacity_reservation_target": []
              }
            ],
            "cpu_core_count": 2,
            "cpu_options": [
              {
                "amd_sev_snp": "",
                "core_count": 2,
                "threads_per_core": 2
              }
            ],
            "cpu_threads_per_core": 2,
            "credit_specification": [],
            "disable_api_stop": false,
            "disable_api_termination": false,
            "ebs_block_device": [],
            "ebs_optimized": false,
            "enable_primary_ipv6": null,
            "enclave_options": [
              {
                "enabled": false
              }
            ],
            "ephemeral_block_device": [],
            "get_password_data": false,
            "hibernation": false,
            "host_id": "",
            "host_resource_group_arn": null,
            "iam_instance_profile": "",
            "id": "i-0915405128d94607b",
            "instance_initiated_shutdown_behavior": "stop",
            "instance_lifecycle": "",
            "instance_market_options": [],
            "instance_state": "running",
            "instance_type": "m5.xlarge",
            "ipv6_address_count": 0,
            "ipv6_addresses": [],
            "key_name": "tf-aws-bigip-hvalbuena-key-8529",
            "launch_template": [],
            "maintenance_options": [
              {
                "auto_recovery": "default"
              }
            ],
            "metadata_options": [
              {
                "http_endpoint": "enabled",
                "http_protocol_ipv6": "disabled",
                "http_put_response_hop_limit": 1,
                "http_tokens": "optional",
                "instance_metadata_tags": "disabled"
              }
            ],
            "monitoring": false,
            "network_interface": [
              {
                "delete_on_termination": false,
                "device_index": 0,
                "network_card_index": 0,
                "network_interface_id": "eni-0e314849daa5edc6e"
              }
            ],
            "outpost_arn": "",
            "password_data": "",
            "placement_group": "",
            "placement_partition_number": 0,
            "primary_network_interface_id": "eni-0e314849daa5edc6e",
            "private_dns": "ip-10-0-1-237.us-west-2.compute.internal",
            "private_dns_name_options": [
              {
                "enable_resource_name_dns_a_record": false,
                "enable_resource_name_dns_aaaa_record": false,
                "hostname_type": "ip-name"
              }
            ],
            "private_ip": "10.0.1.237",
            "public_dns": "ec2-54-245-93-168.us-west-2.compute.amazonaws.com",
            "public_ip": "54.245.93.168",
            "root_block_device": [
              {
                "delete_on_termination": true,
                "device_name": "/dev/xvda",
                "encrypted": false,
                "iops": 246,
                "kms_key_id": "",
                "tags": {},
                "tags_all": {},
                "throughput": 0,
                "volume_id": "vol-0220f96bced57bb81",
                "volume_size": 82,
                "volume_type": "gp2"
              }
            ],
            "secondary_private_ips": [],
            "security_groups": [],
            "source_dest_check": true,
            "spot_instance_request_id": "",
            "subnet_id": "subnet-09bbb4b2feca4d76c",
            "tags": {
              "Name": "BIGIP-Instance-tf-aws-bigip-1nic-130a",
              "Prefix": "tf-aws-bigip-1nic-130a"
            },
            "tags_all": {
              "Name": "BIGIP-Instance-tf-aws-bigip-1nic-130a",
              "Prefix": "tf-aws-bigip-1nic-130a"
            },
            "tenancy": "default",
            "timeouts": null,
            "user_data": "7c967011f16f68e09d963df20d2dae72e84f0fcb",
            "user_data_base64": null,
            "user_data_replace_on_change": false,
            "volume_tags": null,
            "vpc_security_group_ids": [
              "sg-09989d4d55ca7aced"
            ]
          },
          "sensitive_attributes": [],
          "private": "eyJlMmJmYjczMC1lY2FhLTExZTYtOGY4OC0zNDM2M2JjN2M0YzAiOnsiY3JlYXRlIjo2MDAwMDAwMDAwMDAsImRlbGV0ZSI6MTIwMDAwMDAwMDAwMCwicmVhZCI6OTAwMDAwMDAwMDAwLCJ1cGRhdGUiOjYwMDAwMDAwMDAwMH0sInNjaGVtYV92ZXJzaW9uIjoiMSJ9",
          "dependencies": [
            "aws_key_pair.generated_key",
            "aws_subnet.mgmt",
            "module.bigip.aws_eip.mgmt",
            "module.bigip.aws_network_interface.external_private",
            "module.bigip.aws_network_interface.external_private1",
            "module.bigip.aws_network_interface.mgmt",
            "module.bigip.aws_network_interface.mgmt1",
            "module.bigip.aws_network_interface.private",
            "module.bigip.aws_network_interface.private1",
            "module.bigip.aws_network_interface.public",
            "module.bigip.aws_network_interface.public1",
            "module.bigip.data.aws_ami.f5_ami",
            "module.bigip.data.aws_secretsmanager_secret.password",
            "module.bigip.data.aws_secretsmanager_secret_version.current",
            "module.bigip.random_id.module_id",
            "module.bigip.random_string.dynamic_password",
            "module.mgmt-network-security-group.aws_security_group.this",
            "module.mgmt-network-security-group.aws_security_group.this_name_prefix",
            "module.vpc.aws_vpc.this",
            "random_id.id",
            "random_string.password",
            "tls_private_key.example"
          ]
        }
      ]
    },
    {
      "module": "module.bigip[1]",
      "mode": "managed",
      "type": "aws_network_interface",
      "name": "mgmt1",
      "provider": "provider[\"registry.terraform.io/hashicorp/aws\"]",
      "instances": [
        {
          "index_key": 0,
          "schema_version": 0,
          "attributes": {
            "arn": "arn:aws:ec2:us-west-2:473611897480:network-interface/eni-0e314849daa5edc6e",
            "attachment": [
              {
                "attachment_id": "eni-attach-0df84a55c39757937",
                "device_index": 0,
                "instance": "i-0915405128d94607b"
              }
            ],
            "description": "",
            "enable_primary_ipv6": null,
            "id": "eni-0e314849daa5edc6e",
            "interface_type": "interface",
            "ipv4_prefix_count": 0,
            "ipv4_prefixes": [],
            "ipv6_address_count": 0,
            "ipv6_address_list": [],
            "ipv6_address_list_enabled": false,
            "ipv6_addresses": [],
            "ipv6_prefix_count": 0,
            "ipv6_prefixes": [],
            "mac_address": "02:dc:31:44:bd:79",
            "outpost_arn": "",
            "owner_id": "473611897480",
            "private_dns_name": "ip-10-0-1-237.us-west-2.compute.internal",
            "private_ip": "10.0.1.237",
            "private_ip_list": [
              "10.0.1.237"
            ],
            "private_ip_list_enabled": false,
            "private_ips": [
              "10.0.1.237"
            ],
            "private_ips_count": 0,
            "security_groups": [
              "sg-09989d4d55ca7aced"
            ],
            "source_dest_check": true,
            "subnet_id": "subnet-09bbb4b2feca4d76c",
            "tags": {
              "Name": "BIGIP-Managemt-Interface-0",
              "Prefix": "tf-aws-bigip-1nic-130a"
            },
            "tags_all": {
              "Name": "BIGIP-Managemt-Interface-0",
              "Prefix": "tf-aws-bigip-1nic-130a"
            }
          },
          "sensitive_attributes": [],
          "private": "bnVsbA==",
          "dependencies": [
            "aws_subnet.mgmt",
            "module.bigip.random_id.module_id",
            "module.mgmt-network-security-group.aws_security_group.this",
            "module.mgmt-network-security-group.aws_security_group.this_name_prefix",
            "module.vpc.aws_vpc.this",
            "random_id.id"
          ]
        }
      ]
    },
    {
      "module": "module.bigip[1]",
      "mode": "managed",
      "type": "random_id",
      "name": "module_id",
      "provider": "provider[\"registry.terraform.io/hashicorp/random\"]",
      "instances": [
        {
          "schema_version": 0,
          "attributes": {
            "b64_std": "Ewo=",
            "b64_url": "Ewo",
            "byte_length": 2,
            "dec": "4874",
            "hex": "130a",
            "id": "Ewo",
            "keepers": null,
            "prefix": null
          },
          "sensitive_attributes": []
        }
      ]
    },
    {
      "module": "module.bigip[1]",
      "mode": "managed",
      "type": "random_string",
      "name": "dynamic_password",
      "provider": "provider[\"registry.terraform.io/hashicorp/random\"]",
      "instances": [
        {
          "schema_version": 2,
          "attributes": {
            "id": "WnK86QH2eaaYh5UN",
            "keepers": null,
            "length": 16,
            "lower": true,
            "min_lower": 1,
            "min_numeric": 1,
            "min_special": 0,
            "min_upper": 1,
            "number": true,
            "numeric": true,
            "override_special": null,
            "result": "WnK86QH2eaaYh5UN",
            "special": false,
            "upper": true
          },
          "sensitive_attributes": []
        }
      ]
    },
    {
      "module": "module.bigip[1]",
      "mode": "managed",
      "type": "time_sleep",
      "name": "wait_for_aws_instance_f5_bigip",
      "provider": "provider[\"registry.terraform.io/hashicorp/time\"]",
      "instances": [
        {
          "schema_version": 0,
          "attributes": {
            "create_duration": "600s",
            "destroy_duration": null,
            "id": "2025-01-11T22:57:23Z",
            "triggers": null
          },
          "sensitive_attributes": [],
          "dependencies": [
            "aws_key_pair.generated_key",
            "aws_subnet.mgmt",
            "module.bigip.aws_eip.mgmt",
            "module.bigip.aws_instance.f5_bigip",
            "module.bigip.aws_network_interface.external_private",
            "module.bigip.aws_network_interface.external_private1",
            "module.bigip.aws_network_interface.mgmt",
            "module.bigip.aws_network_interface.mgmt1",
            "module.bigip.aws_network_interface.private",
            "module.bigip.aws_network_interface.private1",
            "module.bigip.aws_network_interface.public",
            "module.bigip.aws_network_interface.public1",
            "module.bigip.data.aws_ami.f5_ami",
            "module.bigip.data.aws_secretsmanager_secret.password",
            "module.bigip.data.aws_secretsmanager_secret_version.current",
            "module.bigip.random_id.module_id",
            "module.bigip.random_string.dynamic_password",
            "module.mgmt-network-security-group.aws_security_group.this",
            "module.mgmt-network-security-group.aws_security_group.this_name_prefix",
            "module.vpc.aws_vpc.this",
            "random_id.id",
            "random_string.password",
            "tls_private_key.example"
          ]
        }
      ]
    },
    {
      "module": "module.bigip[2]",
      "mode": "data",
      "type": "aws_ami",
      "name": "f5_ami",
      "provider": "provider[\"registry.terraform.io/hashicorp/aws\"]",
      "instances": [
        {
          "schema_version": 0,
          "attributes": {
            "architecture": "x86_64",
            "arn": "arn:aws:ec2:us-west-2::image/ami-095dc6aa4c29a745c",
            "block_device_mappings": [
              {
                "device_name": "/dev/xvda",
                "ebs": {
                  "delete_on_termination": "true",
                  "encrypted": "false",
                  "iops": "0",
                  "snapshot_id": "snap-0c5214b4a9757746d",
                  "throughput": "0",
                  "volume_size": "82",
                  "volume_type": "gp2"
                },
                "no_device": "",
                "virtual_name": ""
              }
            ],
            "boot_mode": "",
            "creation_date": "2024-10-29T16:25:43.000Z",
            "deprecation_time": "2026-10-29T16:25:43.000Z",
            "description": "F5 BIGIP-17.1.1.4-0.100.9 PAYG-Best Plus 25Mbps-241016112516",
            "ena_support": true,
            "executable_users": null,
            "filter": [
              {
                "name": "description",
                "values": [
                  "F5 BIGIP-17.1* PAYG-Best Plus 25Mbps*"
                ]
              }
            ],
            "hypervisor": "xen",
            "id": "ami-095dc6aa4c29a745c",
            "image_id": "ami-095dc6aa4c29a745c",
            "image_location": "aws-marketplace/F5 BIGIP-17.1.1.4-0.100.9 PAYG-Best Plus 25Mbps-241016112516-6d4b625a-1e4a-424c-8015-db245e93cfd1",
            "image_owner_alias": "aws-marketplace",
            "image_type": "machine",
            "imds_support": "",
            "include_deprecated": false,
            "kernel_id": "",
            "most_recent": true,
            "name": "F5 BIGIP-17.1.1.4-0.100.9 PAYG-Best Plus 25Mbps-241016112516-6d4b625a-1e4a-424c-8015-db245e93cfd1",
            "name_regex": null,
            "owner_id": "679593333241",
            "owners": [
              "aws-marketplace"
            ],
            "platform": "",
            "platform_details": "Linux/UNIX",
            "product_codes": [
              {
                "product_code_id": "6gxrih3enhavyxlj11or9z9ht",
                "product_code_type": "marketplace"
              }
            ],
            "public": true,
            "ramdisk_id": "",
            "root_device_name": "/dev/xvda",
            "root_device_type": "ebs",
            "root_snapshot_id": "snap-0c5214b4a9757746d",
            "sriov_net_support": "simple",
            "state": "available",
            "state_reason": {
              "code": "UNSET",
              "message": "UNSET"
            },
            "tags": {},
            "timeouts": null,
            "tpm_support": "",
            "usage_operation": "RunInstances",
            "virtualization_type": "hvm"
          },
          "sensitive_attributes": []
        }
      ]
    },
    {
      "module": "module.bigip[2]",
      "mode": "managed",
      "type": "aws_eip",
      "name": "mgmt",
      "provider": "provider[\"registry.terraform.io/hashicorp/aws\"]",
      "instances": [
        {
          "index_key": 0,
          "schema_version": 0,
          "attributes": {
            "address": null,
            "allocation_id": "eipalloc-052d6bfa78dbafaa3",
            "arn": "arn:aws:ec2:us-west-2:473611897480:elastic-ip/eipalloc-052d6bfa78dbafaa3",
            "associate_with_private_ip": null,
            "association_id": "eipassoc-0171a14bcdea89649",
            "carrier_ip": "",
            "customer_owned_ip": "",
            "customer_owned_ipv4_pool": "",
            "domain": "vpc",
            "id": "eipalloc-052d6bfa78dbafaa3",
            "instance": "i-08f63f669c2b0ab64",
            "ipam_pool_id": null,
            "network_border_group": "us-west-2",
            "network_interface": "eni-0f04792deeec85b52",
            "private_dns": "ip-10-0-1-116.us-west-2.compute.internal",
            "private_ip": "10.0.1.116",
            "ptr_record": "",
            "public_dns": "ec2-54-184-157-13.us-west-2.compute.amazonaws.com",
            "public_ip": "54.184.157.13",
            "public_ipv4_pool": "amazon",
            "tags": {
              "Name": "BIGIP-Managemt-PublicIp-0",
              "Prefix": "tf-aws-bigip-1nic-bd46"
            },
            "tags_all": {
              "Name": "BIGIP-Managemt-PublicIp-0",
              "Prefix": "tf-aws-bigip-1nic-bd46"
            },
            "timeouts": null,
            "vpc": true
          },
          "sensitive_attributes": [],
          "private": "eyJlMmJmYjczMC1lY2FhLTExZTYtOGY4OC0zNDM2M2JjN2M0YzAiOnsiZGVsZXRlIjoxODAwMDAwMDAwMDAsInJlYWQiOjkwMDAwMDAwMDAwMCwidXBkYXRlIjozMDAwMDAwMDAwMDB9fQ==",
          "dependencies": [
            "aws_subnet.mgmt",
            "module.bigip.aws_network_interface.mgmt",
            "module.bigip.aws_network_interface.mgmt1",
            "module.bigip.random_id.module_id",
            "module.mgmt-network-security-group.aws_security_group.this",
            "module.mgmt-network-security-group.aws_security_group.this_name_prefix",
            "module.vpc.aws_vpc.this",
            "random_id.id"
          ]
        }
      ]
    },
    {
      "module": "module.bigip[2]",
      "mode": "managed",
      "type": "aws_instance",
      "name": "f5_bigip",
      "provider": "provider[\"registry.terraform.io/hashicorp/aws\"]",
      "instances": [
        {
          "schema_version": 1,
          "attributes": {
            "ami": "ami-095dc6aa4c29a745c",
            "arn": "arn:aws:ec2:us-west-2:473611897480:instance/i-08f63f669c2b0ab64",
            "associate_public_ip_address": true,
            "availability_zone": "us-west-2a",
            "capacity_reservation_specification": [
              {
                "capacity_reservation_preference": "open",
                "capacity_reservation_target": []
              }
            ],
            "cpu_core_count": 2,
            "cpu_options": [
              {
                "amd_sev_snp": "",
                "core_count": 2,
                "threads_per_core": 2
              }
            ],
            "cpu_threads_per_core": 2,
            "credit_specification": [],
            "disable_api_stop": false,
            "disable_api_termination": false,
            "ebs_block_device": [],
            "ebs_optimized": false,
            "enable_primary_ipv6": null,
            "enclave_options": [
              {
                "enabled": false
              }
            ],
            "ephemeral_block_device": [],
            "get_password_data": false,
            "hibernation": false,
            "host_id": "",
            "host_resource_group_arn": null,
            "iam_instance_profile": "",
            "id": "i-08f63f669c2b0ab64",
            "instance_initiated_shutdown_behavior": "stop",
            "instance_lifecycle": "",
            "instance_market_options": [],
            "instance_state": "running",
            "instance_type": "m5.xlarge",
            "ipv6_address_count": 0,
            "ipv6_addresses": [],
            "key_name": "tf-aws-bigip-hvalbuena-key-8529",
            "launch_template": [],
            "maintenance_options": [
              {
                "auto_recovery": "default"
              }
            ],
            "metadata_options": [
              {
                "http_endpoint": "enabled",
                "http_protocol_ipv6": "disabled",
                "http_put_response_hop_limit": 1,
                "http_tokens": "optional",
                "instance_metadata_tags": "disabled"
              }
            ],
            "monitoring": false,
            "network_interface": [
              {
                "delete_on_termination": false,
                "device_index": 0,
                "network_card_index": 0,
                "network_interface_id": "eni-0f04792deeec85b52"
              }
            ],
            "outpost_arn": "",
            "password_data": "",
            "placement_group": "",
            "placement_partition_number": 0,
            "primary_network_interface_id": "eni-0f04792deeec85b52",
            "private_dns": "ip-10-0-1-116.us-west-2.compute.internal",
            "private_dns_name_options": [
              {
                "enable_resource_name_dns_a_record": false,
                "enable_resource_name_dns_aaaa_record": false,
                "hostname_type": "ip-name"
              }
            ],
            "private_ip": "10.0.1.116",
            "public_dns": "ec2-54-184-157-13.us-west-2.compute.amazonaws.com",
            "public_ip": "54.184.157.13",
            "root_block_device": [
              {
                "delete_on_termination": true,
                "device_name": "/dev/xvda",
                "encrypted": false,
                "iops": 246,
                "kms_key_id": "",
                "tags": {},
                "tags_all": {},
                "throughput": 0,
                "volume_id": "vol-011bf151a73e07285",
                "volume_size": 82,
                "volume_type": "gp2"
              }
            ],
            "secondary_private_ips": [],
            "security_groups": [],
            "source_dest_check": true,
            "spot_instance_request_id": "",
            "subnet_id": "subnet-09bbb4b2feca4d76c",
            "tags": {
              "Name": "BIGIP-Instance-tf-aws-bigip-1nic-bd46",
              "Prefix": "tf-aws-bigip-1nic-bd46"
            },
            "tags_all": {
              "Name": "BIGIP-Instance-tf-aws-bigip-1nic-bd46",
              "Prefix": "tf-aws-bigip-1nic-bd46"
            },
            "tenancy": "default",
            "timeouts": null,
            "user_data": "7c967011f16f68e09d963df20d2dae72e84f0fcb",
            "user_data_base64": null,
            "user_data_replace_on_change": false,
            "volume_tags": null,
            "vpc_security_group_ids": [
              "sg-09989d4d55ca7aced"
            ]
          },
          "sensitive_attributes": [],
          "private": "eyJlMmJmYjczMC1lY2FhLTExZTYtOGY4OC0zNDM2M2JjN2M0YzAiOnsiY3JlYXRlIjo2MDAwMDAwMDAwMDAsImRlbGV0ZSI6MTIwMDAwMDAwMDAwMCwicmVhZCI6OTAwMDAwMDAwMDAwLCJ1cGRhdGUiOjYwMDAwMDAwMDAwMH0sInNjaGVtYV92ZXJzaW9uIjoiMSJ9",
          "dependencies": [
            "aws_key_pair.generated_key",
            "aws_subnet.mgmt",
            "module.bigip.aws_eip.mgmt",
            "module.bigip.aws_network_interface.external_private",
            "module.bigip.aws_network_interface.external_private1",
            "module.bigip.aws_network_interface.mgmt",
            "module.bigip.aws_network_interface.mgmt1",
            "module.bigip.aws_network_interface.private",
            "module.bigip.aws_network_interface.private1",
            "module.bigip.aws_network_interface.public",
            "module.bigip.aws_network_interface.public1",
            "module.bigip.data.aws_ami.f5_ami",
            "module.bigip.data.aws_secretsmanager_secret.password",
            "module.bigip.data.aws_secretsmanager_secret_version.current",
            "module.bigip.random_id.module_id",
            "module.bigip.random_string.dynamic_password",
            "module.mgmt-network-security-group.aws_security_group.this",
            "module.mgmt-network-security-group.aws_security_group.this_name_prefix",
            "module.vpc.aws_vpc.this",
            "random_id.id",
            "random_string.password",
            "tls_private_key.example"
          ]
        }
      ]
    },
    {
      "module": "module.bigip[2]",
      "mode": "managed",
      "type": "aws_network_interface",
      "name": "mgmt1",
      "provider": "provider[\"registry.terraform.io/hashicorp/aws\"]",
      "instances": [
        {
          "index_key": 0,
          "schema_version": 0,
          "attributes": {
            "arn": "arn:aws:ec2:us-west-2:473611897480:network-interface/eni-0f04792deeec85b52",
            "attachment": [
              {
                "attachment_id": "eni-attach-06a7d590ecbbe72ab",
                "device_index": 0,
                "instance": "i-08f63f669c2b0ab64"
              }
            ],
            "description": "",
            "enable_primary_ipv6": null,
            "id": "eni-0f04792deeec85b52",
            "interface_type": "interface",
            "ipv4_prefix_count": 0,
            "ipv4_prefixes": [],
            "ipv6_address_count": 0,
            "ipv6_address_list": [],
            "ipv6_address_list_enabled": false,
            "ipv6_addresses": [],
            "ipv6_prefix_count": 0,
            "ipv6_prefixes": [],
            "mac_address": "02:37:1c:dc:81:5f",
            "outpost_arn": "",
            "owner_id": "473611897480",
            "private_dns_name": "ip-10-0-1-116.us-west-2.compute.internal",
            "private_ip": "10.0.1.116",
            "private_ip_list": [
              "10.0.1.116"
            ],
            "private_ip_list_enabled": false,
            "private_ips": [
              "10.0.1.116"
            ],
            "private_ips_count": 0,
            "security_groups": [
              "sg-09989d4d55ca7aced"
            ],
            "source_dest_check": true,
            "subnet_id": "subnet-09bbb4b2feca4d76c",
            "tags": {
              "Name": "BIGIP-Managemt-Interface-0",
              "Prefix": "tf-aws-bigip-1nic-bd46"
            },
            "tags_all": {
              "Name": "BIGIP-Managemt-Interface-0",
              "Prefix": "tf-aws-bigip-1nic-bd46"
            }
          },
          "sensitive_attributes": [],
          "private": "bnVsbA==",
          "dependencies": [
            "aws_subnet.mgmt",
            "module.bigip.random_id.module_id",
            "module.mgmt-network-security-group.aws_security_group.this",
            "module.mgmt-network-security-group.aws_security_group.this_name_prefix",
            "module.vpc.aws_vpc.this",
            "random_id.id"
          ]
        }
      ]
    },
    {
      "module": "module.bigip[2]",
      "mode": "managed",
      "type": "random_id",
      "name": "module_id",
      "provider": "provider[\"registry.terraform.io/hashicorp/random\"]",
      "instances": [
        {
          "schema_version": 0,
          "attributes": {
            "b64_std": "vUY=",
            "b64_url": "vUY",
            "byte_length": 2,
            "dec": "48454",
            "hex": "bd46",
            "id": "vUY",
            "keepers": null,
            "prefix": null
          },
          "sensitive_attributes": []
        }
      ]
    },
    {
      "module": "module.bigip[2]",
      "mode": "managed",
      "type": "random_string",
      "name": "dynamic_password",
      "provider": "provider[\"registry.terraform.io/hashicorp/random\"]",
      "instances": [
        {
          "schema_version": 2,
          "attributes": {
            "id": "aLrJe64DckXbP0nM",
            "keepers": null,
            "length": 16,
            "lower": true,
            "min_lower": 1,
            "min_numeric": 1,
            "min_special": 0,
            "min_upper": 1,
            "number": true,
            "numeric": true,
            "override_special": null,
            "result": "aLrJe64DckXbP0nM",
            "special": false,
            "upper": true
          },
          "sensitive_attributes": []
        }
      ]
    },
    {
      "module": "module.bigip[2]",
      "mode": "managed",
      "type": "time_sleep",
      "name": "wait_for_aws_instance_f5_bigip",
      "provider": "provider[\"registry.terraform.io/hashicorp/time\"]",
      "instances": [
        {
          "schema_version": 0,
          "attributes": {
            "create_duration": "600s",
            "destroy_duration": null,
            "id": "2025-01-11T22:57:23Z",
            "triggers": null
          },
          "sensitive_attributes": [],
          "dependencies": [
            "aws_key_pair.generated_key",
            "aws_subnet.mgmt",
            "module.bigip.aws_eip.mgmt",
            "module.bigip.aws_instance.f5_bigip",
            "module.bigip.aws_network_interface.external_private",
            "module.bigip.aws_network_interface.external_private1",
            "module.bigip.aws_network_interface.mgmt",
            "module.bigip.aws_network_interface.mgmt1",
            "module.bigip.aws_network_interface.private",
            "module.bigip.aws_network_interface.private1",
            "module.bigip.aws_network_interface.public",
            "module.bigip.aws_network_interface.public1",
            "module.bigip.data.aws_ami.f5_ami",
            "module.bigip.data.aws_secretsmanager_secret.password",
            "module.bigip.data.aws_secretsmanager_secret_version.current",
            "module.bigip.random_id.module_id",
            "module.bigip.random_string.dynamic_password",
            "module.mgmt-network-security-group.aws_security_group.this",
            "module.mgmt-network-security-group.aws_security_group.this_name_prefix",
            "module.vpc.aws_vpc.this",
            "random_id.id",
            "random_string.password",
            "tls_private_key.example"
          ]
        }
      ]
    },
    {
      "module": "module.mgmt-network-security-group",
      "mode": "managed",
      "type": "aws_security_group",
      "name": "this_name_prefix",
      "provider": "provider[\"registry.terraform.io/hashicorp/aws\"]",
      "instances": [
        {
          "index_key": 0,
          "schema_version": 1,
          "attributes": {
            "arn": "arn:aws:ec2:us-west-2:473611897480:security-group/sg-09989d4d55ca7aced",
            "description": "Security group for BIG-IP Management",
            "egress": [
              {
                "cidr_blocks": [
                  "0.0.0.0/0"
                ],
                "description": "All protocols",
                "from_port": 0,
                "ipv6_cidr_blocks": [
                  "::/0"
                ],
                "prefix_list_ids": [],
                "protocol": "-1",
                "security_groups": [],
                "self": false,
                "to_port": 0
              }
            ],
            "id": "sg-09989d4d55ca7aced",
            "ingress": [
              {
                "cidr_blocks": [
                  "0.0.0.0/0"
                ],
                "description": "HTTPS",
                "from_port": 443,
                "ipv6_cidr_blocks": [],
                "prefix_list_ids": [],
                "protocol": "tcp",
                "security_groups": [],
                "self": false,
                "to_port": 443
              },
              {
                "cidr_blocks": [
                  "0.0.0.0/0"
                ],
                "description": "HTTPS",
                "from_port": 8443,
                "ipv6_cidr_blocks": [],
                "prefix_list_ids": [],
                "protocol": "tcp",
                "security_groups": [],
                "self": false,
                "to_port": 8443
              },
              {
                "cidr_blocks": [
                  "0.0.0.0/0"
                ],
                "description": "SSH",
                "from_port": 22,
                "ipv6_cidr_blocks": [],
                "prefix_list_ids": [],
                "protocol": "tcp",
                "security_groups": [],
                "self": false,
                "to_port": 22
              }
            ],
            "name": "tf-aws-bigip-mgmt-nsg-8529-20250111223202020600000004",
            "name_prefix": "tf-aws-bigip-mgmt-nsg-8529-",
            "owner_id": "473611897480",
            "revoke_rules_on_delete": false,
            "tags": {
              "Name": "tf-aws-bigip-mgmt-nsg-8529"
            },
            "tags_all": {
              "Name": "tf-aws-bigip-mgmt-nsg-8529"
            },
            "timeouts": {
              "create": "10m",
              "delete": "15m"
            },
            "vpc_id": "vpc-0a7e19e84eb3d102e"
          },
          "sensitive_attributes": [],
          "private": "eyJlMmJmYjczMC1lY2FhLTExZTYtOGY4OC0zNDM2M2JjN2M0YzAiOnsiY3JlYXRlIjo2MDAwMDAwMDAwMDAsImRlbGV0ZSI6OTAwMDAwMDAwMDAwfSwic2NoZW1hX3ZlcnNpb24iOiIxIn0=",
          "dependencies": [
            "module.vpc.aws_vpc.this",
            "random_id.id"
          ],
          "create_before_destroy": true
        }
      ]
    },
    {
      "module": "module.mgmt-network-security-group",
      "mode": "managed",
      "type": "aws_security_group_rule",
      "name": "egress_rules",
      "provider": "provider[\"registry.terraform.io/hashicorp/aws\"]",
      "instances": [
        {
          "index_key": 0,
          "schema_version": 2,
          "attributes": {
            "cidr_blocks": [
              "0.0.0.0/0"
            ],
            "description": "All protocols",
            "from_port": 0,
            "id": "sgrule-3231810703",
            "ipv6_cidr_blocks": [
              "::/0"
            ],
            "prefix_list_ids": [],
            "protocol": "-1",
            "security_group_id": "sg-09989d4d55ca7aced",
            "security_group_rule_id": "",
            "self": false,
            "source_security_group_id": null,
            "timeouts": null,
            "to_port": 0,
            "type": "egress"
          },
          "sensitive_attributes": [],
          "private": "eyJlMmJmYjczMC1lY2FhLTExZTYtOGY4OC0zNDM2M2JjN2M0YzAiOnsiY3JlYXRlIjozMDAwMDAwMDAwMDB9LCJzY2hlbWFfdmVyc2lvbiI6IjIifQ==",
          "dependencies": [
            "module.mgmt-network-security-group.aws_security_group.this",
            "module.mgmt-network-security-group.aws_security_group.this_name_prefix",
            "module.vpc.aws_vpc.this",
            "random_id.id"
          ]
        }
      ]
    },
    {
      "module": "module.mgmt-network-security-group",
      "mode": "managed",
      "type": "aws_security_group_rule",
      "name": "ingress_rules",
      "provider": "provider[\"registry.terraform.io/hashicorp/aws\"]",
      "instances": [
        {
          "index_key": 0,
          "schema_version": 2,
          "attributes": {
            "cidr_blocks": [
              "0.0.0.0/0"
            ],
            "description": "HTTPS",
            "from_port": 443,
            "id": "sgrule-2072776992",
            "ipv6_cidr_blocks": [],
            "prefix_list_ids": [],
            "protocol": "tcp",
            "security_group_id": "sg-09989d4d55ca7aced",
            "security_group_rule_id": "sgr-0ddca5f1139a139bb",
            "self": false,
            "source_security_group_id": null,
            "timeouts": null,
            "to_port": 443,
            "type": "ingress"
          },
          "sensitive_attributes": [],
          "private": "eyJlMmJmYjczMC1lY2FhLTExZTYtOGY4OC0zNDM2M2JjN2M0YzAiOnsiY3JlYXRlIjozMDAwMDAwMDAwMDB9LCJzY2hlbWFfdmVyc2lvbiI6IjIifQ==",
          "dependencies": [
            "module.mgmt-network-security-group.aws_security_group.this",
            "module.mgmt-network-security-group.aws_security_group.this_name_prefix",
            "module.vpc.aws_vpc.this",
            "random_id.id"
          ]
        },
        {
          "index_key": 1,
          "schema_version": 2,
          "attributes": {
            "cidr_blocks": [
              "0.0.0.0/0"
            ],
            "description": "HTTPS",
            "from_port": 8443,
            "id": "sgrule-1566673555",
            "ipv6_cidr_blocks": [],
            "prefix_list_ids": [],
            "protocol": "tcp",
            "security_group_id": "sg-09989d4d55ca7aced",
            "security_group_rule_id": "sgr-039f27ef6292edacf",
            "self": false,
            "source_security_group_id": null,
            "timeouts": null,
            "to_port": 8443,
            "type": "ingress"
          },
          "sensitive_attributes": [],
          "private": "eyJlMmJmYjczMC1lY2FhLTExZTYtOGY4OC0zNDM2M2JjN2M0YzAiOnsiY3JlYXRlIjozMDAwMDAwMDAwMDB9LCJzY2hlbWFfdmVyc2lvbiI6IjIifQ==",
          "dependencies": [
            "module.mgmt-network-security-group.aws_security_group.this",
            "module.mgmt-network-security-group.aws_security_group.this_name_prefix",
            "module.vpc.aws_vpc.this",
            "random_id.id"
          ]
        },
        {
          "index_key": 2,
          "schema_version": 2,
          "attributes": {
            "cidr_blocks": [
              "0.0.0.0/0"
            ],
            "description": "SSH",
            "from_port": 22,
            "id": "sgrule-3739238550",
            "ipv6_cidr_blocks": [],
            "prefix_list_ids": [],
            "protocol": "tcp",
            "security_group_id": "sg-09989d4d55ca7aced",
            "security_group_rule_id": "sgr-010841020f372eeb6",
            "self": false,
            "source_security_group_id": null,
            "timeouts": null,
            "to_port": 22,
            "type": "ingress"
          },
          "sensitive_attributes": [],
          "private": "eyJlMmJmYjczMC1lY2FhLTExZTYtOGY4OC0zNDM2M2JjN2M0YzAiOnsiY3JlYXRlIjozMDAwMDAwMDAwMDB9LCJzY2hlbWFfdmVyc2lvbiI6IjIifQ==",
          "dependencies": [
            "module.mgmt-network-security-group.aws_security_group.this",
            "module.mgmt-network-security-group.aws_security_group.this_name_prefix",
            "module.vpc.aws_vpc.this",
            "random_id.id"
          ]
        }
      ]
    },
    {
      "module": "module.vpc",
      "mode": "managed",
      "type": "aws_default_network_acl",
      "name": "this",
      "provider": "provider[\"registry.terraform.io/hashicorp/aws\"]",
      "instances": [
        {
          "index_key": 0,
          "schema_version": 0,
          "attributes": {
            "arn": "arn:aws:ec2:us-west-2:473611897480:network-acl/acl-0a09e0be5bb99feb4",
            "default_network_acl_id": "acl-0a09e0be5bb99feb4",
            "egress": [
              {
                "action": "allow",
                "cidr_block": "",
                "from_port": 0,
                "icmp_code": 0,
                "icmp_type": 0,
                "ipv6_cidr_block": "::/0",
                "protocol": "-1",
                "rule_no": 101,
                "to_port": 0
              },
              {
                "action": "allow",
                "cidr_block": "0.0.0.0/0",
                "from_port": 0,
                "icmp_code": 0,
                "icmp_type": 0,
                "ipv6_cidr_block": "",
                "protocol": "-1",
                "rule_no": 100,
                "to_port": 0
              }
            ],
            "id": "acl-0a09e0be5bb99feb4",
            "ingress": [
              {
                "action": "allow",
                "cidr_block": "",
                "from_port": 0,
                "icmp_code": 0,
                "icmp_type": 0,
                "ipv6_cidr_block": "::/0",
                "protocol": "-1",
                "rule_no": 101,
                "to_port": 0
              },
              {
                "action": "allow",
                "cidr_block": "0.0.0.0/0",
                "from_port": 0,
                "icmp_code": 0,
                "icmp_type": 0,
                "ipv6_cidr_block": "",
                "protocol": "-1",
                "rule_no": 100,
                "to_port": 0
              }
            ],
            "owner_id": "473611897480",
            "subnet_ids": [
              "subnet-09bbb4b2feca4d76c"
            ],
            "tags": {
              "Environment": "dev",
              "Name": "tf-aws-bigip-vpc-8529",
              "Terraform": "true"
            },
            "tags_all": {
              "Environment": "dev",
              "Name": "tf-aws-bigip-vpc-8529",
              "Terraform": "true"
            },
            "vpc_id": "vpc-0a7e19e84eb3d102e"
          },
          "sensitive_attributes": [],
          "private": "bnVsbA==",
          "dependencies": [
            "module.vpc.aws_vpc.this",
            "random_id.id"
          ]
        }
      ]
    },
    {
      "module": "module.vpc",
      "mode": "managed",
      "type": "aws_default_route_table",
      "name": "default",
      "provider": "provider[\"registry.terraform.io/hashicorp/aws\"]",
      "instances": [
        {
          "index_key": 0,
          "schema_version": 0,
          "attributes": {
            "arn": "arn:aws:ec2:us-west-2:473611897480:route-table/rtb-0877c662bf638060e",
            "default_route_table_id": "rtb-0877c662bf638060e",
            "id": "rtb-0877c662bf638060e",
            "owner_id": "473611897480",
            "propagating_vgws": [],
            "route": [],
            "tags": {
              "Environment": "dev",
              "Name": "tf-aws-bigip-vpc-8529",
              "Terraform": "true"
            },
            "tags_all": {
              "Environment": "dev",
              "Name": "tf-aws-bigip-vpc-8529",
              "Terraform": "true"
            },
            "timeouts": {
              "create": "5m",
              "update": "5m"
            },
            "vpc_id": "vpc-0a7e19e84eb3d102e"
          },
          "sensitive_attributes": [],
          "private": "eyJlMmJmYjczMC1lY2FhLTExZTYtOGY4OC0zNDM2M2JjN2M0YzAiOnsiY3JlYXRlIjozMDAwMDAwMDAwMDAsInVwZGF0ZSI6MzAwMDAwMDAwMDAwfX0=",
          "dependencies": [
            "module.vpc.aws_vpc.this",
            "random_id.id"
          ]
        }
      ]
    },
    {
      "module": "module.vpc",
      "mode": "managed",
      "type": "aws_default_security_group",
      "name": "this",
      "provider": "provider[\"registry.terraform.io/hashicorp/aws\"]",
      "instances": [
        {
          "index_key": 0,
          "schema_version": 1,
          "attributes": {
            "arn": "arn:aws:ec2:us-west-2:473611897480:security-group/sg-05fa70ad700880602",
            "description": "default VPC security group",
            "egress": [],
            "id": "sg-05fa70ad700880602",
            "ingress": [],
            "name": "default",
            "name_prefix": "",
            "owner_id": "473611897480",
            "revoke_rules_on_delete": false,
            "tags": {
              "Environment": "dev",
              "Name": "tf-aws-bigip-vpc-8529",
              "Terraform": "true"
            },
            "tags_all": {
              "Environment": "dev",
              "Name": "tf-aws-bigip-vpc-8529",
              "Terraform": "true"
            },
            "vpc_id": "vpc-0a7e19e84eb3d102e"
          },
          "sensitive_attributes": [],
          "private": "eyJzY2hlbWFfdmVyc2lvbiI6IjEifQ==",
          "dependencies": [
            "module.vpc.aws_vpc.this",
            "random_id.id"
          ]
        }
      ]
    },
    {
      "module": "module.vpc",
      "mode": "managed",
      "type": "aws_vpc",
      "name": "this",
      "provider": "provider[\"registry.terraform.io/hashicorp/aws\"]",
      "instances": [
        {
          "index_key": 0,
          "schema_version": 1,
          "attributes": {
            "arn": "arn:aws:ec2:us-west-2:473611897480:vpc/vpc-0a7e19e84eb3d102e",
            "assign_generated_ipv6_cidr_block": false,
            "cidr_block": "10.0.0.0/16",
            "default_network_acl_id": "acl-0a09e0be5bb99feb4",
            "default_route_table_id": "rtb-0877c662bf638060e",
            "default_security_group_id": "sg-05fa70ad700880602",
            "dhcp_options_id": "dopt-07cc07a8bb98187ab",
            "enable_dns_hostnames": true,
            "enable_dns_support": true,
            "enable_network_address_usage_metrics": false,
            "id": "vpc-0a7e19e84eb3d102e",
            "instance_tenancy": "default",
            "ipv4_ipam_pool_id": null,
            "ipv4_netmask_length": null,
            "ipv6_association_id": "",
            "ipv6_cidr_block": "",
            "ipv6_cidr_block_network_border_group": "",
            "ipv6_ipam_pool_id": "",
            "ipv6_netmask_length": 0,
            "main_route_table_id": "rtb-0877c662bf638060e",
            "owner_id": "473611897480",
            "tags": {
              "Environment": "dev",
              "Name": "tf-aws-bigip-vpc-8529",
              "Terraform": "true"
            },
            "tags_all": {
              "Environment": "dev",
              "Name": "tf-aws-bigip-vpc-8529",
              "Terraform": "true"
            }
          },
          "sensitive_attributes": [],
          "private": "eyJzY2hlbWFfdmVyc2lvbiI6IjEifQ==",
          "dependencies": [
            "random_id.id"
          ],
          "create_before_destroy": true
        }
      ]
    }
  ],
  "check_results": null
}
