{
  "version": 4,
  "terraform_version": "1.10.4",
  "serial": 3143,
  "lineage": "eace318b-5271-76b1-c562-dd06e3bac038",
  "outputs": {
    "bigip_instances": {
      "value": [
        {
          "bigip_password": "p9VSGdIl5w4O0SC",
          "external_private_ip": {
            "private_ip": [
              "10.0.4.227"
            ],
            "private_ips": [
              [
                "10.0.4.227",
                "10.0.4.37"
              ]
            ]
          },
          "f5_username": "admin",
          "hostname": "ec2-44-235-44-123.us-west-2.compute.amazonaws.com",
          "internal_private_ip": {
            "private_ip": [
              "10.0.6.241"
            ],
            "private_ips": [
              [
                "10.0.6.241"
              ]
            ]
          },
          "mgmt_port": "443",
          "mgmt_private_ip": {
            "private_ip": [
              "10.0.1.76"
            ],
            "private_ips": [
              [
                "10.0.1.76"
              ]
            ]
          },
          "mgmt_public_ip": "44.235.44.123"
        },
        {
          "bigip_password": "p9VSGdIl5w4O0SC",
          "external_private_ip": {
            "private_ip": [
              "10.0.4.18"
            ],
            "private_ips": [
              [
                "10.0.4.18",
                "10.0.4.190"
              ]
            ]
          },
          "f5_username": "admin",
          "hostname": "ec2-44-234-215-42.us-west-2.compute.amazonaws.com",
          "internal_private_ip": {
            "private_ip": [
              "10.0.6.190"
            ],
            "private_ips": [
              [
                "10.0.6.190"
              ]
            ]
          },
          "mgmt_port": "443",
          "mgmt_private_ip": {
            "private_ip": [
              "10.0.1.53"
            ],
            "private_ips": [
              [
                "10.0.1.53"
              ]
            ]
          },
          "mgmt_public_ip": "44.234.215.42"
        }
      ],
      "type": [
        "tuple",
        [
          [
            "object",
            {
              "bigip_password": "string",
              "external_private_ip": [
                "object",
                {
                  "private_ip": [
                    "list",
                    "string"
                  ],
                  "private_ips": [
                    "list",
                    [
                      "list",
                      "string"
                    ]
                  ]
                }
              ],
              "f5_username": "string",
              "hostname": "string",
              "internal_private_ip": [
                "object",
                {
                  "private_ip": [
                    "list",
                    "string"
                  ],
                  "private_ips": [
                    "list",
                    [
                      "list",
                      "string"
                    ]
                  ]
                }
              ],
              "mgmt_port": "string",
              "mgmt_private_ip": [
                "object",
                {
                  "private_ip": [
                    "list",
                    "string"
                  ],
                  "private_ips": [
                    "list",
                    [
                      "list",
                      "string"
                    ]
                  ]
                }
              ],
              "mgmt_public_ip": "string"
            }
          ],
          [
            "object",
            {
              "bigip_password": "string",
              "external_private_ip": [
                "object",
                {
                  "private_ip": [
                    "list",
                    "string"
                  ],
                  "private_ips": [
                    "list",
                    [
                      "list",
                      "string"
                    ]
                  ]
                }
              ],
              "f5_username": "string",
              "hostname": "string",
              "internal_private_ip": [
                "object",
                {
                  "private_ip": [
                    "list",
                    "string"
                  ],
                  "private_ips": [
                    "list",
                    [
                      "list",
                      "string"
                    ]
                  ]
                }
              ],
              "mgmt_port": "string",
              "mgmt_private_ip": [
                "object",
                {
                  "private_ip": [
                    "list",
                    "string"
                  ],
                  "private_ips": [
                    "list",
                    [
                      "list",
                      "string"
                    ]
                  ]
                }
              ],
              "mgmt_public_ip": "string"
            }
          ]
        ]
      ]
    }
  },
  "resources": [
    {
      "mode": "managed",
      "type": "null_resource",
      "name": "ansible_trigger",
      "provider": "provider[\"registry.terraform.io/hashicorp/null\"]",
      "instances": [
        {
          "schema_version": 0,
          "attributes": {
            "id": "7485102047855509813",
            "triggers": {
              "mgmt_ips": "44.235.44.123,44.234.215.42"
            }
          },
          "sensitive_attributes": [],
          "dependencies": [
            "module.bigip.aws_eip.ext-pub",
            "module.bigip.aws_eip.mgmt",
            "module.bigip.aws_eip.vip",
            "module.bigip.aws_instance.f5_bigip",
            "module.bigip.aws_network_interface.external_private",
            "module.bigip.aws_network_interface.external_private1",
            "module.bigip.aws_network_interface.mgmt",
            "module.bigip.aws_network_interface.mgmt1",
            "module.bigip.aws_network_interface.private",
            "module.bigip.aws_network_interface.private1",
            "module.bigip.aws_network_interface.public",
            "module.bigip.aws_network_interface.public1",
            "module.bigip.data.aws_ami.f5_ami",
            "module.bigip.data.aws_secretsmanager_secret.password",
            "module.bigip.data.aws_secretsmanager_secret_version.current",
            "module.bigip.random_id.module_id",
            "module.bigip.random_string.dynamic_password",
            "module.bigip.time_sleep.wait_for_aws_instance_f5_bigip"
          ]
        }
      ]
    },
    {
      "mode": "managed",
      "type": "null_resource",
      "name": "clusterDO",
      "provider": "provider[\"registry.terraform.io/hashicorp/null\"]",
      "instances": [
        {
          "index_key": 0,
          "schema_version": 0,
          "attributes": {
            "id": "7804613225220117160",
            "triggers": null
          },
          "sensitive_attributes": [],
          "dependencies": [
            "module.bigip.aws_eip.ext-pub",
            "module.bigip.aws_eip.mgmt",
            "module.bigip.aws_eip.vip",
            "module.bigip.aws_instance.f5_bigip",
            "module.bigip.aws_network_interface.external_private",
            "module.bigip.aws_network_interface.external_private1",
            "module.bigip.aws_network_interface.mgmt",
            "module.bigip.aws_network_interface.mgmt1",
            "module.bigip.aws_network_interface.private",
            "module.bigip.aws_network_interface.private1",
            "module.bigip.aws_network_interface.public",
            "module.bigip.aws_network_interface.public1",
            "module.bigip.data.aws_ami.f5_ami",
            "module.bigip.data.aws_secretsmanager_secret.password",
            "module.bigip.data.aws_secretsmanager_secret_version.current",
            "module.bigip.random_id.module_id",
            "module.bigip.random_string.dynamic_password",
            "module.bigip.time_sleep.wait_for_aws_instance_f5_bigip"
          ]
        },
        {
          "index_key": 1,
          "schema_version": 0,
          "attributes": {
            "id": "4337467272152712004",
            "triggers": null
          },
          "sensitive_attributes": [],
          "dependencies": [
            "module.bigip.aws_eip.ext-pub",
            "module.bigip.aws_eip.mgmt",
            "module.bigip.aws_eip.vip",
            "module.bigip.aws_instance.f5_bigip",
            "module.bigip.aws_network_interface.external_private",
            "module.bigip.aws_network_interface.external_private1",
            "module.bigip.aws_network_interface.mgmt",
            "module.bigip.aws_network_interface.mgmt1",
            "module.bigip.aws_network_interface.private",
            "module.bigip.aws_network_interface.private1",
            "module.bigip.aws_network_interface.public",
            "module.bigip.aws_network_interface.public1",
            "module.bigip.data.aws_ami.f5_ami",
            "module.bigip.data.aws_secretsmanager_secret.password",
            "module.bigip.data.aws_secretsmanager_secret_version.current",
            "module.bigip.random_id.module_id",
            "module.bigip.random_string.dynamic_password",
            "module.bigip.time_sleep.wait_for_aws_instance_f5_bigip"
          ]
        }
      ]
    },
    {
      "module": "module.bigip[0]",
      "mode": "data",
      "type": "aws_ami",
      "name": "f5_ami",
      "provider": "provider[\"registry.terraform.io/hashicorp/aws\"]",
      "instances": [
        {
          "schema_version": 0,
          "attributes": {
            "architecture": "x86_64",
            "arn": "arn:aws:ec2:us-west-2::image/ami-095dc6aa4c29a745c",
            "block_device_mappings": [
              {
                "device_name": "/dev/xvda",
                "ebs": {
                  "delete_on_termination": "true",
                  "encrypted": "false",
                  "iops": "0",
                  "snapshot_id": "snap-0c5214b4a9757746d",
                  "throughput": "0",
                  "volume_size": "82",
                  "volume_type": "gp2"
                },
                "no_device": "",
                "virtual_name": ""
              }
            ],
            "boot_mode": "",
            "creation_date": "2024-10-29T16:25:43.000Z",
            "deprecation_time": "2026-10-29T16:25:43.000Z",
            "description": "F5 BIGIP-17.1.1.4-0.100.9 PAYG-Best Plus 25Mbps-241016112516",
            "ena_support": true,
            "executable_users": null,
            "filter": [
              {
                "name": "description",
                "values": [
                  "F5 BIGIP-17.1* PAYG-Best Plus 25Mbps*"
                ]
              }
            ],
            "hypervisor": "xen",
            "id": "ami-095dc6aa4c29a745c",
            "image_id": "ami-095dc6aa4c29a745c",
            "image_location": "aws-marketplace/F5 BIGIP-17.1.1.4-0.100.9 PAYG-Best Plus 25Mbps-241016112516-6d4b625a-1e4a-424c-8015-db245e93cfd1",
            "image_owner_alias": "aws-marketplace",
            "image_type": "machine",
            "imds_support": "",
            "include_deprecated": false,
            "kernel_id": "",
            "most_recent": true,
            "name": "F5 BIGIP-17.1.1.4-0.100.9 PAYG-Best Plus 25Mbps-241016112516-6d4b625a-1e4a-424c-8015-db245e93cfd1",
            "name_regex": null,
            "owner_id": "679593333241",
            "owners": [
              "aws-marketplace"
            ],
            "platform": "",
            "platform_details": "Linux/UNIX",
            "product_codes": [
              {
                "product_code_id": "6gxrih3enhavyxlj11or9z9ht",
                "product_code_type": "marketplace"
              }
            ],
            "public": true,
            "ramdisk_id": "",
            "root_device_name": "/dev/xvda",
            "root_device_type": "ebs",
            "root_snapshot_id": "snap-0c5214b4a9757746d",
            "sriov_net_support": "simple",
            "state": "available",
            "state_reason": {
              "code": "UNSET",
              "message": "UNSET"
            },
            "tags": {},
            "timeouts": null,
            "tpm_support": "",
            "usage_operation": "RunInstances",
            "virtualization_type": "hvm"
          },
          "sensitive_attributes": []
        }
      ]
    },
    {
      "module": "module.bigip[0]",
      "mode": "managed",
      "type": "aws_eip",
      "name": "mgmt",
      "provider": "provider[\"registry.terraform.io/hashicorp/aws\"]",
      "instances": [
        {
          "index_key": 0,
          "schema_version": 0,
          "attributes": {
            "address": null,
            "allocation_id": "eipalloc-08dc2d2db4fd9d4ac",
            "arn": "arn:aws:ec2:us-west-2:473611897480:elastic-ip/eipalloc-08dc2d2db4fd9d4ac",
            "associate_with_private_ip": null,
            "association_id": "eipassoc-0bb3ca74937d6b5b5",
            "carrier_ip": "",
            "customer_owned_ip": "",
            "customer_owned_ipv4_pool": "",
            "domain": "vpc",
            "id": "eipalloc-08dc2d2db4fd9d4ac",
            "instance": "i-0a2d1fcd78ab28497",
            "ipam_pool_id": null,
            "network_border_group": "us-west-2",
            "network_interface": "eni-0d6920f3a652a1763",
            "private_dns": "ip-10-0-1-76.us-west-2.compute.internal",
            "private_ip": "10.0.1.76",
            "ptr_record": "",
            "public_dns": "ec2-44-235-44-123.us-west-2.compute.amazonaws.com",
            "public_ip": "44.235.44.123",
            "public_ipv4_pool": "amazon",
            "tags": {
              "Name": "BIGIP-Managemt-PublicIp-0",
              "Prefix": "hv-3nic-48d4"
            },
            "tags_all": {
              "Name": "BIGIP-Managemt-PublicIp-0",
              "Prefix": "hv-3nic-48d4"
            },
            "timeouts": null,
            "vpc": true
          },
          "sensitive_attributes": [],
          "private": "eyJlMmJmYjczMC1lY2FhLTExZTYtOGY4OC0zNDM2M2JjN2M0YzAiOnsiZGVsZXRlIjoxODAwMDAwMDAwMDAsInJlYWQiOjkwMDAwMDAwMDAwMCwidXBkYXRlIjozMDAwMDAwMDAwMDB9fQ==",
          "dependencies": [
            "module.bigip.aws_network_interface.mgmt",
            "module.bigip.aws_network_interface.mgmt1",
            "module.bigip.random_id.module_id"
          ]
        }
      ]
    },
    {
      "module": "module.bigip[0]",
      "mode": "managed",
      "type": "aws_instance",
      "name": "f5_bigip",
      "provider": "provider[\"registry.terraform.io/hashicorp/aws\"]",
      "instances": [
        {
          "schema_version": 1,
          "attributes": {
            "ami": "ami-095dc6aa4c29a745c",
            "arn": "arn:aws:ec2:us-west-2:473611897480:instance/i-0a2d1fcd78ab28497",
            "associate_public_ip_address": true,
            "availability_zone": "us-west-2b",
            "capacity_reservation_specification": [
              {
                "capacity_reservation_preference": "open",
                "capacity_reservation_target": []
              }
            ],
            "cpu_core_count": 2,
            "cpu_options": [
              {
                "amd_sev_snp": "",
                "core_count": 2,
                "threads_per_core": 2
              }
            ],
            "cpu_threads_per_core": 2,
            "credit_specification": [],
            "disable_api_stop": false,
            "disable_api_termination": false,
            "ebs_block_device": [],
            "ebs_optimized": false,
            "enable_primary_ipv6": null,
            "enclave_options": [
              {
                "enabled": false
              }
            ],
            "ephemeral_block_device": [],
            "get_password_data": false,
            "hibernation": false,
            "host_id": "",
            "host_resource_group_arn": null,
            "iam_instance_profile": "",
            "id": "i-0a2d1fcd78ab28497",
            "instance_initiated_shutdown_behavior": "stop",
            "instance_lifecycle": "",
            "instance_market_options": [],
            "instance_state": "running",
            "instance_type": "m5.xlarge",
            "ipv6_address_count": 0,
            "ipv6_addresses": [],
            "key_name": "hvalbuena-key",
            "launch_template": [],
            "maintenance_options": [
              {
                "auto_recovery": "default"
              }
            ],
            "metadata_options": [
              {
                "http_endpoint": "enabled",
                "http_protocol_ipv6": "disabled",
                "http_put_response_hop_limit": 1,
                "http_tokens": "optional",
                "instance_metadata_tags": "disabled"
              }
            ],
            "monitoring": false,
            "network_interface": [
              {
                "delete_on_termination": false,
                "device_index": 0,
                "network_card_index": 0,
                "network_interface_id": "eni-0d6920f3a652a1763"
              },
              {
                "delete_on_termination": false,
                "device_index": 1,
                "network_card_index": 0,
                "network_interface_id": "eni-0961454cfd157cb73"
              },
              {
                "delete_on_termination": false,
                "device_index": 2,
                "network_card_index": 0,
                "network_interface_id": "eni-0ebdee61513088c5d"
              }
            ],
            "outpost_arn": "",
            "password_data": "",
            "placement_group": "",
            "placement_partition_number": 0,
            "primary_network_interface_id": "eni-0d6920f3a652a1763",
            "private_dns": "i-0a2d1fcd78ab28497.us-west-2.compute.internal",
            "private_dns_name_options": [
              {
                "enable_resource_name_dns_a_record": true,
                "enable_resource_name_dns_aaaa_record": false,
                "hostname_type": "resource-name"
              }
            ],
            "private_ip": "10.0.1.76",
            "public_dns": "ec2-44-235-44-123.us-west-2.compute.amazonaws.com",
            "public_ip": "44.235.44.123",
            "root_block_device": [
              {
                "delete_on_termination": true,
                "device_name": "/dev/xvda",
                "encrypted": false,
                "iops": 246,
                "kms_key_id": "",
                "tags": {},
                "tags_all": {},
                "throughput": 0,
                "volume_id": "vol-08237522bbd64ac0a",
                "volume_size": 82,
                "volume_type": "gp2"
              }
            ],
            "secondary_private_ips": [],
            "security_groups": [],
            "source_dest_check": true,
            "spot_instance_request_id": "",
            "subnet_id": "subnet-0fd3ce02a3169dba9",
            "tags": {
              "Name": "BIGIP-Instance-hv-3nic-48d4",
              "Prefix": "hv-3nic-48d4"
            },
            "tags_all": {
              "Name": "BIGIP-Instance-hv-3nic-48d4",
              "Prefix": "hv-3nic-48d4"
            },
            "tenancy": "default",
            "timeouts": null,
            "user_data": "ca741589a013fe11f70f9473d8cc2378350e11a7",
            "user_data_base64": null,
            "user_data_replace_on_change": false,
            "volume_tags": null,
            "vpc_security_group_ids": [
              "sg-027c2d501a54c219c"
            ]
          },
          "sensitive_attributes": [],
          "private": "eyJlMmJmYjczMC1lY2FhLTExZTYtOGY4OC0zNDM2M2JjN2M0YzAiOnsiY3JlYXRlIjo2MDAwMDAwMDAwMDAsImRlbGV0ZSI6MTIwMDAwMDAwMDAwMCwicmVhZCI6OTAwMDAwMDAwMDAwLCJ1cGRhdGUiOjYwMDAwMDAwMDAwMH0sInNjaGVtYV92ZXJzaW9uIjoiMSJ9",
          "dependencies": [
            "module.bigip.aws_eip.mgmt",
            "module.bigip.aws_network_interface.external_private",
            "module.bigip.aws_network_interface.external_private1",
            "module.bigip.aws_network_interface.mgmt",
            "module.bigip.aws_network_interface.mgmt1",
            "module.bigip.aws_network_interface.private",
            "module.bigip.aws_network_interface.private1",
            "module.bigip.aws_network_interface.public",
            "module.bigip.aws_network_interface.public1",
            "module.bigip.data.aws_ami.f5_ami",
            "module.bigip.data.aws_secretsmanager_secret.password",
            "module.bigip.data.aws_secretsmanager_secret_version.current",
            "module.bigip.random_id.module_id",
            "module.bigip.random_string.dynamic_password"
          ]
        }
      ]
    },
    {
      "module": "module.bigip[0]",
      "mode": "managed",
      "type": "aws_network_interface",
      "name": "external_private1",
      "provider": "provider[\"registry.terraform.io/hashicorp/aws\"]",
      "instances": [
        {
          "index_key": 0,
          "schema_version": 0,
          "attributes": {
            "arn": "arn:aws:ec2:us-west-2:473611897480:network-interface/eni-0961454cfd157cb73",
            "attachment": [
              {
                "attachment_id": "eni-attach-07ef28cad868f88a7",
                "device_index": 1,
                "instance": "i-0a2d1fcd78ab28497"
              }
            ],
            "description": "",
            "enable_primary_ipv6": null,
            "id": "eni-0961454cfd157cb73",
            "interface_type": "interface",
            "ipv4_prefix_count": 0,
            "ipv4_prefixes": [],
            "ipv6_address_count": 0,
            "ipv6_address_list": [],
            "ipv6_address_list_enabled": false,
            "ipv6_addresses": [],
            "ipv6_prefix_count": 0,
            "ipv6_prefixes": [],
            "mac_address": "06:a9:fe:64:77:09",
            "outpost_arn": "",
            "owner_id": "473611897480",
            "private_dns_name": "i-0a2d1fcd78ab28497.us-west-2.compute.internal",
            "private_ip": "10.0.4.227",
            "private_ip_list": [
              "10.0.4.227",
              "10.0.4.37"
            ],
            "private_ip_list_enabled": false,
            "private_ips": [
              "10.0.4.227",
              "10.0.4.37"
            ],
            "private_ips_count": 1,
            "security_groups": [
              "sg-0dc34eae5effc290f"
            ],
            "source_dest_check": false,
            "subnet_id": "subnet-033e3bdfbb390cc19",
            "tags": {
              "Name": "BIGIP-External-Private-Interface-0",
              "Prefix": "hv-3nic-48d4"
            },
            "tags_all": {
              "Name": "BIGIP-External-Private-Interface-0",
              "Prefix": "hv-3nic-48d4"
            }
          },
          "sensitive_attributes": [],
          "private": "bnVsbA==",
          "dependencies": [
            "module.bigip.random_id.module_id"
          ]
        }
      ]
    },
    {
      "module": "module.bigip[0]",
      "mode": "managed",
      "type": "aws_network_interface",
      "name": "mgmt1",
      "provider": "provider[\"registry.terraform.io/hashicorp/aws\"]",
      "instances": [
        {
          "index_key": 0,
          "schema_version": 0,
          "attributes": {
            "arn": "arn:aws:ec2:us-west-2:473611897480:network-interface/eni-0d6920f3a652a1763",
            "attachment": [
              {
                "attachment_id": "eni-attach-0dc67da0adc02820a",
                "device_index": 0,
                "instance": "i-0a2d1fcd78ab28497"
              }
            ],
            "description": "",
            "enable_primary_ipv6": null,
            "id": "eni-0d6920f3a652a1763",
            "interface_type": "interface",
            "ipv4_prefix_count": 0,
            "ipv4_prefixes": [],
            "ipv6_address_count": 0,
            "ipv6_address_list": [],
            "ipv6_address_list_enabled": false,
            "ipv6_addresses": [],
            "ipv6_prefix_count": 0,
            "ipv6_prefixes": [],
            "mac_address": "06:90:60:53:52:7d",
            "outpost_arn": "",
            "owner_id": "473611897480",
            "private_dns_name": "i-0a2d1fcd78ab28497.us-west-2.compute.internal",
            "private_ip": "10.0.1.76",
            "private_ip_list": [
              "10.0.1.76"
            ],
            "private_ip_list_enabled": false,
            "private_ips": [
              "10.0.1.76"
            ],
            "private_ips_count": 0,
            "security_groups": [
              "sg-027c2d501a54c219c"
            ],
            "source_dest_check": true,
            "subnet_id": "subnet-0fd3ce02a3169dba9",
            "tags": {
              "Name": "BIGIP-Managemt-Interface-0",
              "Prefix": "hv-3nic-48d4"
            },
            "tags_all": {
              "Name": "BIGIP-Managemt-Interface-0",
              "Prefix": "hv-3nic-48d4"
            }
          },
          "sensitive_attributes": [],
          "private": "bnVsbA==",
          "dependencies": [
            "module.bigip.random_id.module_id"
          ]
        }
      ]
    },
    {
      "module": "module.bigip[0]",
      "mode": "managed",
      "type": "aws_network_interface",
      "name": "private1",
      "provider": "provider[\"registry.terraform.io/hashicorp/aws\"]",
      "instances": [
        {
          "index_key": 0,
          "schema_version": 0,
          "attributes": {
            "arn": "arn:aws:ec2:us-west-2:473611897480:network-interface/eni-0ebdee61513088c5d",
            "attachment": [
              {
                "attachment_id": "eni-attach-032a134aa59e13479",
                "device_index": 2,
                "instance": "i-0a2d1fcd78ab28497"
              }
            ],
            "description": "",
            "enable_primary_ipv6": null,
            "id": "eni-0ebdee61513088c5d",
            "interface_type": "interface",
            "ipv4_prefix_count": 0,
            "ipv4_prefixes": [],
            "ipv6_address_count": 0,
            "ipv6_address_list": [],
            "ipv6_address_list_enabled": false,
            "ipv6_addresses": [],
            "ipv6_prefix_count": 0,
            "ipv6_prefixes": [],
            "mac_address": "06:29:6f:b2:1f:19",
            "outpost_arn": "",
            "owner_id": "473611897480",
            "private_dns_name": "i-0a2d1fcd78ab28497.us-west-2.compute.internal",
            "private_ip": "10.0.6.241",
            "private_ip_list": [
              "10.0.6.241"
            ],
            "private_ip_list_enabled": false,
            "private_ips": [
              "10.0.6.241"
            ],
            "private_ips_count": 0,
            "security_groups": [
              "sg-0a937b8830d3ab95a"
            ],
            "source_dest_check": false,
            "subnet_id": "subnet-099e8c40eb78a2a2e",
            "tags": {
              "Name": "BIGIP-Internal-Interface-0",
              "Prefix": "hv-3nic-48d4"
            },
            "tags_all": {
              "Name": "BIGIP-Internal-Interface-0",
              "Prefix": "hv-3nic-48d4"
            }
          },
          "sensitive_attributes": [],
          "private": "bnVsbA==",
          "dependencies": [
            "module.bigip.random_id.module_id"
          ]
        }
      ]
    },
    {
      "module": "module.bigip[0]",
      "mode": "managed",
      "type": "random_id",
      "name": "module_id",
      "provider": "provider[\"registry.terraform.io/hashicorp/random\"]",
      "instances": [
        {
          "schema_version": 0,
          "attributes": {
            "b64_std": "SNQ=",
            "b64_url": "SNQ",
            "byte_length": 2,
            "dec": "18644",
            "hex": "48d4",
            "id": "SNQ",
            "keepers": null,
            "prefix": null
          },
          "sensitive_attributes": []
        }
      ]
    },
    {
      "module": "module.bigip[0]",
      "mode": "managed",
      "type": "random_string",
      "name": "dynamic_password",
      "provider": "provider[\"registry.terraform.io/hashicorp/random\"]",
      "instances": [
        {
          "schema_version": 2,
          "attributes": {
            "id": "z55yLO9yDVAZ2jxk",
            "keepers": null,
            "length": 16,
            "lower": true,
            "min_lower": 1,
            "min_numeric": 1,
            "min_special": 0,
            "min_upper": 1,
            "number": true,
            "numeric": true,
            "override_special": null,
            "result": "z55yLO9yDVAZ2jxk",
            "special": false,
            "upper": true
          },
          "sensitive_attributes": []
        }
      ]
    },
    {
      "module": "module.bigip[0]",
      "mode": "managed",
      "type": "time_sleep",
      "name": "wait_for_aws_instance_f5_bigip",
      "provider": "provider[\"registry.terraform.io/hashicorp/time\"]",
      "instances": [
        {
          "schema_version": 0,
          "attributes": {
            "create_duration": "750s",
            "destroy_duration": null,
            "id": "2025-04-11T20:03:57Z",
            "triggers": null
          },
          "sensitive_attributes": [],
          "dependencies": [
            "module.bigip.aws_eip.mgmt",
            "module.bigip.aws_instance.f5_bigip",
            "module.bigip.aws_network_interface.external_private",
            "module.bigip.aws_network_interface.external_private1",
            "module.bigip.aws_network_interface.mgmt",
            "module.bigip.aws_network_interface.mgmt1",
            "module.bigip.aws_network_interface.private",
            "module.bigip.aws_network_interface.private1",
            "module.bigip.aws_network_interface.public",
            "module.bigip.aws_network_interface.public1",
            "module.bigip.data.aws_ami.f5_ami",
            "module.bigip.data.aws_secretsmanager_secret.password",
            "module.bigip.data.aws_secretsmanager_secret_version.current",
            "module.bigip.random_id.module_id",
            "module.bigip.random_string.dynamic_password"
          ]
        }
      ]
    },
    {
      "module": "module.bigip[1]",
      "mode": "data",
      "type": "aws_ami",
      "name": "f5_ami",
      "provider": "provider[\"registry.terraform.io/hashicorp/aws\"]",
      "instances": [
        {
          "schema_version": 0,
          "attributes": {
            "architecture": "x86_64",
            "arn": "arn:aws:ec2:us-west-2::image/ami-095dc6aa4c29a745c",
            "block_device_mappings": [
              {
                "device_name": "/dev/xvda",
                "ebs": {
                  "delete_on_termination": "true",
                  "encrypted": "false",
                  "iops": "0",
                  "snapshot_id": "snap-0c5214b4a9757746d",
                  "throughput": "0",
                  "volume_size": "82",
                  "volume_type": "gp2"
                },
                "no_device": "",
                "virtual_name": ""
              }
            ],
            "boot_mode": "",
            "creation_date": "2024-10-29T16:25:43.000Z",
            "deprecation_time": "2026-10-29T16:25:43.000Z",
            "description": "F5 BIGIP-17.1.1.4-0.100.9 PAYG-Best Plus 25Mbps-241016112516",
            "ena_support": true,
            "executable_users": null,
            "filter": [
              {
                "name": "description",
                "values": [
                  "F5 BIGIP-17.1* PAYG-Best Plus 25Mbps*"
                ]
              }
            ],
            "hypervisor": "xen",
            "id": "ami-095dc6aa4c29a745c",
            "image_id": "ami-095dc6aa4c29a745c",
            "image_location": "aws-marketplace/F5 BIGIP-17.1.1.4-0.100.9 PAYG-Best Plus 25Mbps-241016112516-6d4b625a-1e4a-424c-8015-db245e93cfd1",
            "image_owner_alias": "aws-marketplace",
            "image_type": "machine",
            "imds_support": "",
            "include_deprecated": false,
            "kernel_id": "",
            "most_recent": true,
            "name": "F5 BIGIP-17.1.1.4-0.100.9 PAYG-Best Plus 25Mbps-241016112516-6d4b625a-1e4a-424c-8015-db245e93cfd1",
            "name_regex": null,
            "owner_id": "679593333241",
            "owners": [
              "aws-marketplace"
            ],
            "platform": "",
            "platform_details": "Linux/UNIX",
            "product_codes": [
              {
                "product_code_id": "6gxrih3enhavyxlj11or9z9ht",
                "product_code_type": "marketplace"
              }
            ],
            "public": true,
            "ramdisk_id": "",
            "root_device_name": "/dev/xvda",
            "root_device_type": "ebs",
            "root_snapshot_id": "snap-0c5214b4a9757746d",
            "sriov_net_support": "simple",
            "state": "available",
            "state_reason": {
              "code": "UNSET",
              "message": "UNSET"
            },
            "tags": {},
            "timeouts": null,
            "tpm_support": "",
            "usage_operation": "RunInstances",
            "virtualization_type": "hvm"
          },
          "sensitive_attributes": []
        }
      ]
    },
    {
      "module": "module.bigip[1]",
      "mode": "managed",
      "type": "aws_eip",
      "name": "mgmt",
      "provider": "provider[\"registry.terraform.io/hashicorp/aws\"]",
      "instances": [
        {
          "index_key": 0,
          "schema_version": 0,
          "attributes": {
            "address": null,
            "allocation_id": "eipalloc-09278842b5b6f635f",
            "arn": "arn:aws:ec2:us-west-2:473611897480:elastic-ip/eipalloc-09278842b5b6f635f",
            "associate_with_private_ip": null,
            "association_id": "eipassoc-07d0cee5df86aa7a4",
            "carrier_ip": "",
            "customer_owned_ip": "",
            "customer_owned_ipv4_pool": "",
            "domain": "vpc",
            "id": "eipalloc-09278842b5b6f635f",
            "instance": "i-0127233d9c699d9f5",
            "ipam_pool_id": null,
            "network_border_group": "us-west-2",
            "network_interface": "eni-05e55afce4b71c6e5",
            "private_dns": "ip-10-0-1-53.us-west-2.compute.internal",
            "private_ip": "10.0.1.53",
            "ptr_record": "",
            "public_dns": "ec2-44-234-215-42.us-west-2.compute.amazonaws.com",
            "public_ip": "44.234.215.42",
            "public_ipv4_pool": "amazon",
            "tags": {
              "Name": "BIGIP-Managemt-PublicIp-0",
              "Prefix": "hv-3nic-cb51"
            },
            "tags_all": {
              "Name": "BIGIP-Managemt-PublicIp-0",
              "Prefix": "hv-3nic-cb51"
            },
            "timeouts": null,
            "vpc": true
          },
          "sensitive_attributes": [],
          "private": "eyJlMmJmYjczMC1lY2FhLTExZTYtOGY4OC0zNDM2M2JjN2M0YzAiOnsiZGVsZXRlIjoxODAwMDAwMDAwMDAsInJlYWQiOjkwMDAwMDAwMDAwMCwidXBkYXRlIjozMDAwMDAwMDAwMDB9fQ==",
          "dependencies": [
            "module.bigip.aws_network_interface.mgmt",
            "module.bigip.aws_network_interface.mgmt1",
            "module.bigip.random_id.module_id"
          ]
        }
      ]
    },
    {
      "module": "module.bigip[1]",
      "mode": "managed",
      "type": "aws_instance",
      "name": "f5_bigip",
      "provider": "provider[\"registry.terraform.io/hashicorp/aws\"]",
      "instances": [
        {
          "schema_version": 1,
          "attributes": {
            "ami": "ami-095dc6aa4c29a745c",
            "arn": "arn:aws:ec2:us-west-2:473611897480:instance/i-0127233d9c699d9f5",
            "associate_public_ip_address": true,
            "availability_zone": "us-west-2b",
            "capacity_reservation_specification": [
              {
                "capacity_reservation_preference": "open",
                "capacity_reservation_target": []
              }
            ],
            "cpu_core_count": 2,
            "cpu_options": [
              {
                "amd_sev_snp": "",
                "core_count": 2,
                "threads_per_core": 2
              }
            ],
            "cpu_threads_per_core": 2,
            "credit_specification": [],
            "disable_api_stop": false,
            "disable_api_termination": false,
            "ebs_block_device": [],
            "ebs_optimized": false,
            "enable_primary_ipv6": null,
            "enclave_options": [
              {
                "enabled": false
              }
            ],
            "ephemeral_block_device": [],
            "get_password_data": false,
            "hibernation": false,
            "host_id": "",
            "host_resource_group_arn": null,
            "iam_instance_profile": "",
            "id": "i-0127233d9c699d9f5",
            "instance_initiated_shutdown_behavior": "stop",
            "instance_lifecycle": "",
            "instance_market_options": [],
            "instance_state": "running",
            "instance_type": "m5.xlarge",
            "ipv6_address_count": 0,
            "ipv6_addresses": [],
            "key_name": "hvalbuena-key",
            "launch_template": [],
            "maintenance_options": [
              {
                "auto_recovery": "default"
              }
            ],
            "metadata_options": [
              {
                "http_endpoint": "enabled",
                "http_protocol_ipv6": "disabled",
                "http_put_response_hop_limit": 1,
                "http_tokens": "optional",
                "instance_metadata_tags": "disabled"
              }
            ],
            "monitoring": false,
            "network_interface": [
              {
                "delete_on_termination": false,
                "device_index": 0,
                "network_card_index": 0,
                "network_interface_id": "eni-05e55afce4b71c6e5"
              },
              {
                "delete_on_termination": false,
                "device_index": 1,
                "network_card_index": 0,
                "network_interface_id": "eni-05d94045b25599338"
              },
              {
                "delete_on_termination": false,
                "device_index": 2,
                "network_card_index": 0,
                "network_interface_id": "eni-01110e5b29c5eb578"
              }
            ],
            "outpost_arn": "",
            "password_data": "",
            "placement_group": "",
            "placement_partition_number": 0,
            "primary_network_interface_id": "eni-05e55afce4b71c6e5",
            "private_dns": "i-0127233d9c699d9f5.us-west-2.compute.internal",
            "private_dns_name_options": [
              {
                "enable_resource_name_dns_a_record": true,
                "enable_resource_name_dns_aaaa_record": false,
                "hostname_type": "resource-name"
              }
            ],
            "private_ip": "10.0.1.53",
            "public_dns": "ec2-44-234-215-42.us-west-2.compute.amazonaws.com",
            "public_ip": "44.234.215.42",
            "root_block_device": [
              {
                "delete_on_termination": true,
                "device_name": "/dev/xvda",
                "encrypted": false,
                "iops": 246,
                "kms_key_id": "",
                "tags": {},
                "tags_all": {},
                "throughput": 0,
                "volume_id": "vol-04db063e5ef66ad38",
                "volume_size": 82,
                "volume_type": "gp2"
              }
            ],
            "secondary_private_ips": [],
            "security_groups": [],
            "source_dest_check": true,
            "spot_instance_request_id": "",
            "subnet_id": "subnet-0fd3ce02a3169dba9",
            "tags": {
              "Name": "BIGIP-Instance-hv-3nic-cb51",
              "Prefix": "hv-3nic-cb51"
            },
            "tags_all": {
              "Name": "BIGIP-Instance-hv-3nic-cb51",
              "Prefix": "hv-3nic-cb51"
            },
            "tenancy": "default",
            "timeouts": null,
            "user_data": "ca741589a013fe11f70f9473d8cc2378350e11a7",
            "user_data_base64": null,
            "user_data_replace_on_change": false,
            "volume_tags": null,
            "vpc_security_group_ids": [
              "sg-027c2d501a54c219c"
            ]
          },
          "sensitive_attributes": [],
          "private": "eyJlMmJmYjczMC1lY2FhLTExZTYtOGY4OC0zNDM2M2JjN2M0YzAiOnsiY3JlYXRlIjo2MDAwMDAwMDAwMDAsImRlbGV0ZSI6MTIwMDAwMDAwMDAwMCwicmVhZCI6OTAwMDAwMDAwMDAwLCJ1cGRhdGUiOjYwMDAwMDAwMDAwMH0sInNjaGVtYV92ZXJzaW9uIjoiMSJ9",
          "dependencies": [
            "module.bigip.aws_eip.mgmt",
            "module.bigip.aws_network_interface.external_private",
            "module.bigip.aws_network_interface.external_private1",
            "module.bigip.aws_network_interface.mgmt",
            "module.bigip.aws_network_interface.mgmt1",
            "module.bigip.aws_network_interface.private",
            "module.bigip.aws_network_interface.private1",
            "module.bigip.aws_network_interface.public",
            "module.bigip.aws_network_interface.public1",
            "module.bigip.data.aws_ami.f5_ami",
            "module.bigip.data.aws_secretsmanager_secret.password",
            "module.bigip.data.aws_secretsmanager_secret_version.current",
            "module.bigip.random_id.module_id",
            "module.bigip.random_string.dynamic_password"
          ]
        }
      ]
    },
    {
      "module": "module.bigip[1]",
      "mode": "managed",
      "type": "aws_network_interface",
      "name": "external_private1",
      "provider": "provider[\"registry.terraform.io/hashicorp/aws\"]",
      "instances": [
        {
          "index_key": 0,
          "schema_version": 0,
          "attributes": {
            "arn": "arn:aws:ec2:us-west-2:473611897480:network-interface/eni-05d94045b25599338",
            "attachment": [
              {
                "attachment_id": "eni-attach-0fc471a379f35f693",
                "device_index": 1,
                "instance": "i-0127233d9c699d9f5"
              }
            ],
            "description": "",
            "enable_primary_ipv6": null,
            "id": "eni-05d94045b25599338",
            "interface_type": "interface",
            "ipv4_prefix_count": 0,
            "ipv4_prefixes": [],
            "ipv6_address_count": 0,
            "ipv6_address_list": [],
            "ipv6_address_list_enabled": false,
            "ipv6_addresses": [],
            "ipv6_prefix_count": 0,
            "ipv6_prefixes": [],
            "mac_address": "06:b3:36:92:1b:b5",
            "outpost_arn": "",
            "owner_id": "473611897480",
            "private_dns_name": "i-0127233d9c699d9f5.us-west-2.compute.internal",
            "private_ip": "10.0.4.18",
            "private_ip_list": [
              "10.0.4.18",
              "10.0.4.190"
            ],
            "private_ip_list_enabled": false,
            "private_ips": [
              "10.0.4.18",
              "10.0.4.190"
            ],
            "private_ips_count": 1,
            "security_groups": [
              "sg-0dc34eae5effc290f"
            ],
            "source_dest_check": false,
            "subnet_id": "subnet-033e3bdfbb390cc19",
            "tags": {
              "Name": "BIGIP-External-Private-Interface-0",
              "Prefix": "hv-3nic-cb51"
            },
            "tags_all": {
              "Name": "BIGIP-External-Private-Interface-0",
              "Prefix": "hv-3nic-cb51"
            }
          },
          "sensitive_attributes": [],
          "private": "bnVsbA==",
          "dependencies": [
            "module.bigip.random_id.module_id"
          ]
        }
      ]
    },
    {
      "module": "module.bigip[1]",
      "mode": "managed",
      "type": "aws_network_interface",
      "name": "mgmt1",
      "provider": "provider[\"registry.terraform.io/hashicorp/aws\"]",
      "instances": [
        {
          "index_key": 0,
          "schema_version": 0,
          "attributes": {
            "arn": "arn:aws:ec2:us-west-2:473611897480:network-interface/eni-05e55afce4b71c6e5",
            "attachment": [
              {
                "attachment_id": "eni-attach-094e48418daaba420",
                "device_index": 0,
                "instance": "i-0127233d9c699d9f5"
              }
            ],
            "description": "",
            "enable_primary_ipv6": null,
            "id": "eni-05e55afce4b71c6e5",
            "interface_type": "interface",
            "ipv4_prefix_count": 0,
            "ipv4_prefixes": [],
            "ipv6_address_count": 0,
            "ipv6_address_list": [],
            "ipv6_address_list_enabled": false,
            "ipv6_addresses": [],
            "ipv6_prefix_count": 0,
            "ipv6_prefixes": [],
            "mac_address": "06:3d:9b:08:79:37",
            "outpost_arn": "",
            "owner_id": "473611897480",
            "private_dns_name": "i-0127233d9c699d9f5.us-west-2.compute.internal",
            "private_ip": "10.0.1.53",
            "private_ip_list": [
              "10.0.1.53"
            ],
            "private_ip_list_enabled": false,
            "private_ips": [
              "10.0.1.53"
            ],
            "private_ips_count": 0,
            "security_groups": [
              "sg-027c2d501a54c219c"
            ],
            "source_dest_check": true,
            "subnet_id": "subnet-0fd3ce02a3169dba9",
            "tags": {
              "Name": "BIGIP-Managemt-Interface-0",
              "Prefix": "hv-3nic-cb51"
            },
            "tags_all": {
              "Name": "BIGIP-Managemt-Interface-0",
              "Prefix": "hv-3nic-cb51"
            }
          },
          "sensitive_attributes": [],
          "private": "bnVsbA==",
          "dependencies": [
            "module.bigip.random_id.module_id"
          ]
        }
      ]
    },
    {
      "module": "module.bigip[1]",
      "mode": "managed",
      "type": "aws_network_interface",
      "name": "private1",
      "provider": "provider[\"registry.terraform.io/hashicorp/aws\"]",
      "instances": [
        {
          "index_key": 0,
          "schema_version": 0,
          "attributes": {
            "arn": "arn:aws:ec2:us-west-2:473611897480:network-interface/eni-01110e5b29c5eb578",
            "attachment": [
              {
                "attachment_id": "eni-attach-087964e2e793f9eac",
                "device_index": 2,
                "instance": "i-0127233d9c699d9f5"
              }
            ],
            "description": "",
            "enable_primary_ipv6": null,
            "id": "eni-01110e5b29c5eb578",
            "interface_type": "interface",
            "ipv4_prefix_count": 0,
            "ipv4_prefixes": [],
            "ipv6_address_count": 0,
            "ipv6_address_list": [],
            "ipv6_address_list_enabled": false,
            "ipv6_addresses": [],
            "ipv6_prefix_count": 0,
            "ipv6_prefixes": [],
            "mac_address": "06:d3:df:e5:80:e5",
            "outpost_arn": "",
            "owner_id": "473611897480",
            "private_dns_name": "i-0127233d9c699d9f5.us-west-2.compute.internal",
            "private_ip": "10.0.6.190",
            "private_ip_list": [
              "10.0.6.190"
            ],
            "private_ip_list_enabled": false,
            "private_ips": [
              "10.0.6.190"
            ],
            "private_ips_count": 0,
            "security_groups": [
              "sg-0a937b8830d3ab95a"
            ],
            "source_dest_check": false,
            "subnet_id": "subnet-099e8c40eb78a2a2e",
            "tags": {
              "Name": "BIGIP-Internal-Interface-0",
              "Prefix": "hv-3nic-cb51"
            },
            "tags_all": {
              "Name": "BIGIP-Internal-Interface-0",
              "Prefix": "hv-3nic-cb51"
            }
          },
          "sensitive_attributes": [],
          "private": "bnVsbA==",
          "dependencies": [
            "module.bigip.random_id.module_id"
          ]
        }
      ]
    },
    {
      "module": "module.bigip[1]",
      "mode": "managed",
      "type": "random_id",
      "name": "module_id",
      "provider": "provider[\"registry.terraform.io/hashicorp/random\"]",
      "instances": [
        {
          "schema_version": 0,
          "attributes": {
            "b64_std": "y1E=",
            "b64_url": "y1E",
            "byte_length": 2,
            "dec": "52049",
            "hex": "cb51",
            "id": "y1E",
            "keepers": null,
            "prefix": null
          },
          "sensitive_attributes": []
        }
      ]
    },
    {
      "module": "module.bigip[1]",
      "mode": "managed",
      "type": "random_string",
      "name": "dynamic_password",
      "provider": "provider[\"registry.terraform.io/hashicorp/random\"]",
      "instances": [
        {
          "schema_version": 2,
          "attributes": {
            "id": "G9kaAbngMLtZh8I4",
            "keepers": null,
            "length": 16,
            "lower": true,
            "min_lower": 1,
            "min_numeric": 1,
            "min_special": 0,
            "min_upper": 1,
            "number": true,
            "numeric": true,
            "override_special": null,
            "result": "G9kaAbngMLtZh8I4",
            "special": false,
            "upper": true
          },
          "sensitive_attributes": []
        }
      ]
    },
    {
      "module": "module.bigip[1]",
      "mode": "managed",
      "type": "time_sleep",
      "name": "wait_for_aws_instance_f5_bigip",
      "provider": "provider[\"registry.terraform.io/hashicorp/time\"]",
      "instances": [
        {
          "schema_version": 0,
          "attributes": {
            "create_duration": "750s",
            "destroy_duration": null,
            "id": "2025-04-11T20:03:57Z",
            "triggers": null
          },
          "sensitive_attributes": [],
          "dependencies": [
            "module.bigip.aws_eip.mgmt",
            "module.bigip.aws_instance.f5_bigip",
            "module.bigip.aws_network_interface.external_private",
            "module.bigip.aws_network_interface.external_private1",
            "module.bigip.aws_network_interface.mgmt",
            "module.bigip.aws_network_interface.mgmt1",
            "module.bigip.aws_network_interface.private",
            "module.bigip.aws_network_interface.private1",
            "module.bigip.aws_network_interface.public",
            "module.bigip.aws_network_interface.public1",
            "module.bigip.data.aws_ami.f5_ami",
            "module.bigip.data.aws_secretsmanager_secret.password",
            "module.bigip.data.aws_secretsmanager_secret_version.current",
            "module.bigip.random_id.module_id",
            "module.bigip.random_string.dynamic_password"
          ]
        }
      ]
    }
  ],
  "check_results": null
}
